// !$*UTF8*$!
{
	archiveVersion = 1;
	classes = {
	};
	objectVersion = 56;
	objects = {

/* Begin PBXBuildFile section */
		4928D32F2BCCB9CF005420BF /* natuarApp.swift in Sources */ = {isa = PBXBuildFile; fileRef = 4928D32E2BCCB9CF005420BF /* natuarApp.swift */; };
		4928D3312BCCB9CF005420BF /* ContentView.swift in Sources */ = {isa = PBXBuildFile; fileRef = 4928D3302BCCB9CF005420BF /* ContentView.swift */; };
		4928D3332BCCB9D0005420BF /* Assets.xcassets in Resources */ = {isa = PBXBuildFile; fileRef = 4928D3322BCCB9D0005420BF /* Assets.xcassets */; };
		4928D3362BCCB9D0005420BF /* Preview Assets.xcassets in Resources */ = {isa = PBXBuildFile; fileRef = 4928D3352BCCB9D0005420BF /* Preview Assets.xcassets */; };
		49737BC02C01590D009D4459 /* BackButton.swift in Sources */ = {isa = PBXBuildFile; fileRef = 49737BBF2C01590D009D4459 /* BackButton.swift */; };
		49737BC32C016961009D4459 /* AnimalDetailsView.swift in Sources */ = {isa = PBXBuildFile; fileRef = 49737BC22C016961009D4459 /* AnimalDetailsView.swift */; };
		49737BC62C016A93009D4459 /* InfoCardView.swift in Sources */ = {isa = PBXBuildFile; fileRef = 49737BC52C016A93009D4459 /* InfoCardView.swift */; };
		49737BC92C017424009D4459 /* SegmentedPicker.swift in Sources */ = {isa = PBXBuildFile; fileRef = 49737BC82C017424009D4459 /* SegmentedPicker.swift */; };
		4996375C2C07DF1E004486BB /* LoginScreen.swift in Sources */ = {isa = PBXBuildFile; fileRef = 4996375B2C07DF1E004486BB /* LoginScreen.swift */; };
		4996375F2C07F604004486BB /* LoginViewModel.swift in Sources */ = {isa = PBXBuildFile; fileRef = 4996375E2C07F604004486BB /* LoginViewModel.swift */; };
		499637632C07F97F004486BB /* Constants.swift in Sources */ = {isa = PBXBuildFile; fileRef = 499637622C07F97F004486BB /* Constants.swift */; };
		499637652C08033A004486BB /* UserDefaultsManager.swift in Sources */ = {isa = PBXBuildFile; fileRef = 499637642C08033A004486BB /* UserDefaultsManager.swift */; };
		499637672C082169004486BB /* MapViewModel.swift in Sources */ = {isa = PBXBuildFile; fileRef = 499637662C082169004486BB /* MapViewModel.swift */; };
		4996376B2C0821A5004486BB /* Animal.swift in Sources */ = {isa = PBXBuildFile; fileRef = 4996376A2C0821A5004486BB /* Animal.swift */; };
		4996376D2C082279004486BB /* Spot.swift in Sources */ = {isa = PBXBuildFile; fileRef = 4996376C2C082279004486BB /* Spot.swift */; };
		499637702C112060004486BB /* AnimalViewModel.swift in Sources */ = {isa = PBXBuildFile; fileRef = 4996376F2C112060004486BB /* AnimalViewModel.swift */; };
		499637722C1150C9004486BB /* AnimalCard.swift in Sources */ = {isa = PBXBuildFile; fileRef = 499637712C1150C9004486BB /* AnimalCard.swift */; };
		499637752C1517D3004486BB /* FavoriteViewModel.swift in Sources */ = {isa = PBXBuildFile; fileRef = 499637742C1517D3004486BB /* FavoriteViewModel.swift */; };
		49A4297C2BF91FD500EC8E8B /* llama6.usdz in Resources */ = {isa = PBXBuildFile; fileRef = 49A4297B2BF91FD500EC8E8B /* llama6.usdz */; };
		49DFB7522BFD9C0800EEA79E /* CirculatButtonWithLogo.swift in Sources */ = {isa = PBXBuildFile; fileRef = 49DFB7512BFD9C0800EEA79E /* CirculatButtonWithLogo.swift */; };
		49DFB7542BFD9C5800EEA79E /* CustomLoginButton.swift in Sources */ = {isa = PBXBuildFile; fileRef = 49DFB7532BFD9C5800EEA79E /* CustomLoginButton.swift */; };
		49DFB7562BFD9C7300EEA79E /* MaterialDesignTextField.swift in Sources */ = {isa = PBXBuildFile; fileRef = 49DFB7552BFD9C7300EEA79E /* MaterialDesignTextField.swift */; };
		49FBF1CE2BE567B3007D05D0 /* AnimalScreen.swift in Sources */ = {isa = PBXBuildFile; fileRef = 49FBF1CD2BE567B3007D05D0 /* AnimalScreen.swift */; };
		49FBF1EA2BE58590007D05D0 /* alpaca.usdz in Resources */ = {isa = PBXBuildFile; fileRef = 49FBF1E92BE58590007D05D0 /* alpaca.usdz */; };
		49FE80D22BD0C97100C23E57 /* MainScreen.swift in Sources */ = {isa = PBXBuildFile; fileRef = 49FE80D12BD0C97100C23E57 /* MainScreen.swift */; };
		49FE80DE2BD0CABC00C23E57 /* MapScreen.swift in Sources */ = {isa = PBXBuildFile; fileRef = 49FE80DD2BD0CABC00C23E57 /* MapScreen.swift */; };
		49FE80E02BD0CB1700C23E57 /* FavoriteAnimalsScreen.swift in Sources */ = {isa = PBXBuildFile; fileRef = 49FE80DF2BD0CB1700C23E57 /* FavoriteAnimalsScreen.swift */; };
		49FE80E22BD0CB3B00C23E57 /* UserConfigScreen.swift in Sources */ = {isa = PBXBuildFile; fileRef = 49FE80E12BD0CB3B00C23E57 /* UserConfigScreen.swift */; };
		49FE80E42BD0CE1900C23E57 /* MapView.swift in Sources */ = {isa = PBXBuildFile; fileRef = 49FE80E32BD0CE1900C23E57 /* MapView.swift */; };
		49FE80E72BD0D4E400C23E57 /* ToggleMapStyleButton.swift in Sources */ = {isa = PBXBuildFile; fileRef = 49FE80E62BD0D4E400C23E57 /* ToggleMapStyleButton.swift */; };
		49FE80EC2BD37F8E00C23E57 /* UbicationDetailsView.swift in Sources */ = {isa = PBXBuildFile; fileRef = 49FE80EB2BD37F8E00C23E57 /* UbicationDetailsView.swift */; };
/* End PBXBuildFile section */

/* Begin PBXFileReference section */
		4928D32B2BCCB9CF005420BF /* natuar.app */ = {isa = PBXFileReference; explicitFileType = wrapper.application; includeInIndex = 0; path = natuar.app; sourceTree = BUILT_PRODUCTS_DIR; };
		4928D32E2BCCB9CF005420BF /* natuarApp.swift */ = {isa = PBXFileReference; lastKnownFileType = sourcecode.swift; path = natuarApp.swift; sourceTree = "<group>"; };
		4928D3302BCCB9CF005420BF /* ContentView.swift */ = {isa = PBXFileReference; lastKnownFileType = sourcecode.swift; path = ContentView.swift; sourceTree = "<group>"; };
		4928D3322BCCB9D0005420BF /* Assets.xcassets */ = {isa = PBXFileReference; lastKnownFileType = folder.assetcatalog; path = Assets.xcassets; sourceTree = "<group>"; };
		4928D3352BCCB9D0005420BF /* Preview Assets.xcassets */ = {isa = PBXFileReference; lastKnownFileType = folder.assetcatalog; path = "Preview Assets.xcassets"; sourceTree = "<group>"; };
		49737BBF2C01590D009D4459 /* BackButton.swift */ = {isa = PBXFileReference; lastKnownFileType = sourcecode.swift; path = BackButton.swift; sourceTree = "<group>"; };
		49737BC22C016961009D4459 /* AnimalDetailsView.swift */ = {isa = PBXFileReference; lastKnownFileType = sourcecode.swift; path = AnimalDetailsView.swift; sourceTree = "<group>"; };
		49737BC52C016A93009D4459 /* InfoCardView.swift */ = {isa = PBXFileReference; lastKnownFileType = sourcecode.swift; path = InfoCardView.swift; sourceTree = "<group>"; };
		49737BC82C017424009D4459 /* SegmentedPicker.swift */ = {isa = PBXFileReference; lastKnownFileType = sourcecode.swift; path = SegmentedPicker.swift; sourceTree = "<group>"; };
		4996375B2C07DF1E004486BB /* LoginScreen.swift */ = {isa = PBXFileReference; fileEncoding = 4; lastKnownFileType = sourcecode.swift; path = LoginScreen.swift; sourceTree = "<group>"; };
		4996375E2C07F604004486BB /* LoginViewModel.swift */ = {isa = PBXFileReference; lastKnownFileType = sourcecode.swift; path = LoginViewModel.swift; sourceTree = "<group>"; };
		499637622C07F97F004486BB /* Constants.swift */ = {isa = PBXFileReference; lastKnownFileType = sourcecode.swift; path = Constants.swift; sourceTree = "<group>"; };
		499637642C08033A004486BB /* UserDefaultsManager.swift */ = {isa = PBXFileReference; lastKnownFileType = sourcecode.swift; path = UserDefaultsManager.swift; sourceTree = "<group>"; };
		499637662C082169004486BB /* MapViewModel.swift */ = {isa = PBXFileReference; lastKnownFileType = sourcecode.swift; path = MapViewModel.swift; sourceTree = "<group>"; };
		4996376A2C0821A5004486BB /* Animal.swift */ = {isa = PBXFileReference; lastKnownFileType = sourcecode.swift; path = Animal.swift; sourceTree = "<group>"; };
		4996376C2C082279004486BB /* Spot.swift */ = {isa = PBXFileReference; lastKnownFileType = sourcecode.swift; path = Spot.swift; sourceTree = "<group>"; };
		4996376F2C112060004486BB /* AnimalViewModel.swift */ = {isa = PBXFileReference; lastKnownFileType = sourcecode.swift; path = AnimalViewModel.swift; sourceTree = "<group>"; };
		499637712C1150C9004486BB /* AnimalCard.swift */ = {isa = PBXFileReference; lastKnownFileType = sourcecode.swift; path = AnimalCard.swift; sourceTree = "<group>"; };
		499637742C1517D3004486BB /* FavoriteViewModel.swift */ = {isa = PBXFileReference; lastKnownFileType = sourcecode.swift; path = FavoriteViewModel.swift; sourceTree = "<group>"; };
		49A4297B2BF91FD500EC8E8B /* llama6.usdz */ = {isa = PBXFileReference; lastKnownFileType = file.usdz; path = llama6.usdz; sourceTree = "<group>"; };
		49DFB7512BFD9C0800EEA79E /* CirculatButtonWithLogo.swift */ = {isa = PBXFileReference; lastKnownFileType = sourcecode.swift; path = CirculatButtonWithLogo.swift; sourceTree = "<group>"; };
		49DFB7532BFD9C5800EEA79E /* CustomLoginButton.swift */ = {isa = PBXFileReference; lastKnownFileType = sourcecode.swift; path = CustomLoginButton.swift; sourceTree = "<group>"; };
		49DFB7552BFD9C7300EEA79E /* MaterialDesignTextField.swift */ = {isa = PBXFileReference; lastKnownFileType = sourcecode.swift; path = MaterialDesignTextField.swift; sourceTree = "<group>"; };
		49FBF1CD2BE567B3007D05D0 /* AnimalScreen.swift */ = {isa = PBXFileReference; lastKnownFileType = sourcecode.swift; path = AnimalScreen.swift; sourceTree = "<group>"; };
		49FBF1E92BE58590007D05D0 /* alpaca.usdz */ = {isa = PBXFileReference; lastKnownFileType = file.usdz; path = alpaca.usdz; sourceTree = "<group>"; };
		49FE80D12BD0C97100C23E57 /* MainScreen.swift */ = {isa = PBXFileReference; lastKnownFileType = sourcecode.swift; path = MainScreen.swift; sourceTree = "<group>"; };
		49FE80DD2BD0CABC00C23E57 /* MapScreen.swift */ = {isa = PBXFileReference; lastKnownFileType = sourcecode.swift; path = MapScreen.swift; sourceTree = "<group>"; };
		49FE80DF2BD0CB1700C23E57 /* FavoriteAnimalsScreen.swift */ = {isa = PBXFileReference; lastKnownFileType = sourcecode.swift; path = FavoriteAnimalsScreen.swift; sourceTree = "<group>"; };
		49FE80E12BD0CB3B00C23E57 /* UserConfigScreen.swift */ = {isa = PBXFileReference; lastKnownFileType = sourcecode.swift; path = UserConfigScreen.swift; sourceTree = "<group>"; };
		49FE80E32BD0CE1900C23E57 /* MapView.swift */ = {isa = PBXFileReference; lastKnownFileType = sourcecode.swift; path = MapView.swift; sourceTree = "<group>"; };
		49FE80E62BD0D4E400C23E57 /* ToggleMapStyleButton.swift */ = {isa = PBXFileReference; lastKnownFileType = sourcecode.swift; path = ToggleMapStyleButton.swift; sourceTree = "<group>"; };
		49FE80EB2BD37F8E00C23E57 /* UbicationDetailsView.swift */ = {isa = PBXFileReference; lastKnownFileType = sourcecode.swift; path = UbicationDetailsView.swift; sourceTree = "<group>"; };
/* End PBXFileReference section */

/* Begin PBXFrameworksBuildPhase section */
		4928D3282BCCB9CF005420BF /* Frameworks */ = {
			isa = PBXFrameworksBuildPhase;
			buildActionMask = 2147483647;
			files = (
			);
			runOnlyForDeploymentPostprocessing = 0;
		};
/* End PBXFrameworksBuildPhase section */

/* Begin PBXGroup section */
		4928D3222BCCB9CF005420BF = {
			isa = PBXGroup;
			children = (
				4928D32D2BCCB9CF005420BF /* natuar */,
				4928D32C2BCCB9CF005420BF /* Products */,
			);
			sourceTree = "<group>";
		};
		4928D32C2BCCB9CF005420BF /* Products */ = {
			isa = PBXGroup;
			children = (
				4928D32B2BCCB9CF005420BF /* natuar.app */,
			);
			name = Products;
			sourceTree = "<group>";
		};
		4928D32D2BCCB9CF005420BF /* natuar */ = {
			isa = PBXGroup;
			children = (
				49FBF1C82BE564A5007D05D0 /* 3DModels */,
				4928D3302BCCB9CF005420BF /* ContentView.swift */,
				4928D32E2BCCB9CF005420BF /* natuarApp.swift */,
				4928D3322BCCB9D0005420BF /* Assets.xcassets */,
				49FE80D32BD0CA1000C23E57 /* Domains */,
				4928D3342BCCB9D0005420BF /* Preview Content */,
				49FE80CF2BD0C6DC00C23E57 /* Screens */,
			);
			path = natuar;
			sourceTree = "<group>";
		};
		4928D3342BCCB9D0005420BF /* Preview Content */ = {
			isa = PBXGroup;
			children = (
				4928D3352BCCB9D0005420BF /* Preview Assets.xcassets */,
			);
			path = "Preview Content";
			sourceTree = "<group>";
		};
		49737BBD2C0158F2009D4459 /* Shared */ = {
			isa = PBXGroup;
			children = (
				499637602C07F96D004486BB /* Utils */,
				49737BBE2C0158F9009D4459 /* Views */,
			);
			path = Shared;
			sourceTree = "<group>";
		};
		49737BBE2C0158F9009D4459 /* Views */ = {
			isa = PBXGroup;
			children = (
				49737BBF2C01590D009D4459 /* BackButton.swift */,
				49737BC82C017424009D4459 /* SegmentedPicker.swift */,
			);
			path = Views;
			sourceTree = "<group>";
		};
		49737BC12C0168F3009D4459 /* Views */ = {
			isa = PBXGroup;
			children = (
				49737BC22C016961009D4459 /* AnimalDetailsView.swift */,
				49737BC52C016A93009D4459 /* InfoCardView.swift */,
			);
			path = Views;
			sourceTree = "<group>";
		};
		4996375D2C07F5F4004486BB /* ViewModel */ = {
			isa = PBXGroup;
			children = (
				4996375E2C07F604004486BB /* LoginViewModel.swift */,
			);
			path = ViewModel;
			sourceTree = "<group>";
		};
		499637602C07F96D004486BB /* Utils */ = {
			isa = PBXGroup;
			children = (
				499637622C07F97F004486BB /* Constants.swift */,
				499637642C08033A004486BB /* UserDefaultsManager.swift */,
			);
			path = Utils;
			sourceTree = "<group>";
		};
		499637682C082180004486BB /* ViewModel */ = {
			isa = PBXGroup;
			children = (
				499637662C082169004486BB /* MapViewModel.swift */,
			);
			path = ViewModel;
			sourceTree = "<group>";
		};
		499637692C08219C004486BB /* Model */ = {
			isa = PBXGroup;
			children = (
				4996376A2C0821A5004486BB /* Animal.swift */,
			);
			path = Model;
			sourceTree = "<group>";
		};
		4996376E2C111FCF004486BB /* ViewModel */ = {
			isa = PBXGroup;
			children = (
				4996376F2C112060004486BB /* AnimalViewModel.swift */,
			);
			path = ViewModel;
			sourceTree = "<group>";
		};
		499637732C1517AA004486BB /* ViewModel */ = {
			isa = PBXGroup;
			children = (
				499637742C1517D3004486BB /* FavoriteViewModel.swift */,
			);
			path = ViewModel;
			sourceTree = "<group>";
		};
		49DFB74C2BFD9B2700EEA79E /* Authentication */ = {
			isa = PBXGroup;
			children = (
				4996375D2C07F5F4004486BB /* ViewModel */,
				49DFB74E2BFD9B4300EEA79E /* Screens */,
				49DFB74D2BFD9B3E00EEA79E /* Views */,
			);
			path = Authentication;
			sourceTree = "<group>";
		};
		49DFB74D2BFD9B3E00EEA79E /* Views */ = {
			isa = PBXGroup;
			children = (
				49DFB7512BFD9C0800EEA79E /* CirculatButtonWithLogo.swift */,
				49DFB7532BFD9C5800EEA79E /* CustomLoginButton.swift */,
				49DFB7552BFD9C7300EEA79E /* MaterialDesignTextField.swift */,
			);
			path = Views;
			sourceTree = "<group>";
		};
		49DFB74E2BFD9B4300EEA79E /* Screens */ = {
			isa = PBXGroup;
			children = (
				4996375B2C07DF1E004486BB /* LoginScreen.swift */,
			);
			path = Screens;
			sourceTree = "<group>";
		};
		49FBF1C82BE564A5007D05D0 /* 3DModels */ = {
			isa = PBXGroup;
			children = (
				49A4297B2BF91FD500EC8E8B /* llama6.usdz */,
				49FBF1E92BE58590007D05D0 /* alpaca.usdz */,
			);
			path = 3DModels;
			sourceTree = "<group>";
		};
		49FBF1CB2BE56785007D05D0 /* Animal */ = {
			isa = PBXGroup;
			children = (
				4996376E2C111FCF004486BB /* ViewModel */,
				499637692C08219C004486BB /* Model */,
				49737BC12C0168F3009D4459 /* Views */,
				49FBF1CC2BE567A1007D05D0 /* Screens */,
			);
			path = Animal;
			sourceTree = "<group>";
		};
		49FBF1CC2BE567A1007D05D0 /* Screens */ = {
			isa = PBXGroup;
			children = (
				49FBF1CD2BE567B3007D05D0 /* AnimalScreen.swift */,
			);
			path = Screens;
			sourceTree = "<group>";
		};
		49FE80CF2BD0C6DC00C23E57 /* Screens */ = {
			isa = PBXGroup;
			children = (
				49FE80D12BD0C97100C23E57 /* MainScreen.swift */,
			);
			path = Screens;
			sourceTree = "<group>";
		};
		49FE80D32BD0CA1000C23E57 /* Domains */ = {
			isa = PBXGroup;
			children = (
				49737BBD2C0158F2009D4459 /* Shared */,
				49DFB74C2BFD9B2700EEA79E /* Authentication */,
				49FBF1CB2BE56785007D05D0 /* Animal */,
				49FE80D62BD0CA6700C23E57 /* UserConfig */,
				49FE80D52BD0CA2F00C23E57 /* FavoriteAnimals */,
				49FE80D42BD0CA2900C23E57 /* Map */,
			);
			path = Domains;
			sourceTree = "<group>";
		};
		49FE80D42BD0CA2900C23E57 /* Map */ = {
			isa = PBXGroup;
			children = (
				499637682C082180004486BB /* ViewModel */,
				49FE80E82BD0DFB500C23E57 /* Models */,
				49FE80D82BD0CA8900C23E57 /* Views */,
				49FE80D72BD0CA7D00C23E57 /* Screens */,
			);
			path = Map;
			sourceTree = "<group>";
		};
		49FE80D52BD0CA2F00C23E57 /* FavoriteAnimals */ = {
			isa = PBXGroup;
			children = (
				499637732C1517AA004486BB /* ViewModel */,
				49FE80DA2BD0CA9900C23E57 /* Screens */,
				49FE80D92BD0CA9400C23E57 /* Views */,
			);
			path = FavoriteAnimals;
			sourceTree = "<group>";
		};
		49FE80D62BD0CA6700C23E57 /* UserConfig */ = {
			isa = PBXGroup;
			children = (
				49FE80DC2BD0CAA500C23E57 /* Screens */,
				49FE80DB2BD0CAA000C23E57 /* Views */,
			);
			path = UserConfig;
			sourceTree = "<group>";
		};
		49FE80D72BD0CA7D00C23E57 /* Screens */ = {
			isa = PBXGroup;
			children = (
				49FE80DD2BD0CABC00C23E57 /* MapScreen.swift */,
			);
			path = Screens;
			sourceTree = "<group>";
		};
		49FE80D82BD0CA8900C23E57 /* Views */ = {
			isa = PBXGroup;
			children = (
				49FE80E32BD0CE1900C23E57 /* MapView.swift */,
				49FE80E62BD0D4E400C23E57 /* ToggleMapStyleButton.swift */,
				49FE80EB2BD37F8E00C23E57 /* UbicationDetailsView.swift */,
			);
			path = Views;
			sourceTree = "<group>";
		};
		49FE80D92BD0CA9400C23E57 /* Views */ = {
			isa = PBXGroup;
			children = (
				499637712C1150C9004486BB /* AnimalCard.swift */,
			);
			path = Views;
			sourceTree = "<group>";
		};
		49FE80DA2BD0CA9900C23E57 /* Screens */ = {
			isa = PBXGroup;
			children = (
				49FE80DF2BD0CB1700C23E57 /* FavoriteAnimalsScreen.swift */,
			);
			path = Screens;
			sourceTree = "<group>";
		};
		49FE80DB2BD0CAA000C23E57 /* Views */ = {
			isa = PBXGroup;
			children = (
			);
			path = Views;
			sourceTree = "<group>";
		};
		49FE80DC2BD0CAA500C23E57 /* Screens */ = {
			isa = PBXGroup;
			children = (
				49FE80E12BD0CB3B00C23E57 /* UserConfigScreen.swift */,
			);
			path = Screens;
			sourceTree = "<group>";
		};
		49FE80E82BD0DFB500C23E57 /* Models */ = {
			isa = PBXGroup;
			children = (
				4996376C2C082279004486BB /* Spot.swift */,
			);
			path = Models;
			sourceTree = "<group>";
		};
/* End PBXGroup section */

/* Begin PBXNativeTarget section */
		4928D32A2BCCB9CF005420BF /* natuar */ = {
			isa = PBXNativeTarget;
			buildConfigurationList = 4928D3392BCCB9D0005420BF /* Build configuration list for PBXNativeTarget "natuar" */;
			buildPhases = (
				4928D3272BCCB9CF005420BF /* Sources */,
				4928D3282BCCB9CF005420BF /* Frameworks */,
				4928D3292BCCB9CF005420BF /* Resources */,
			);
			buildRules = (
			);
			dependencies = (
			);
			name = natuar;
			productName = natuar;
			productReference = 4928D32B2BCCB9CF005420BF /* natuar.app */;
			productType = "com.apple.product-type.application";
		};
/* End PBXNativeTarget section */

/* Begin PBXProject section */
		4928D3232BCCB9CF005420BF /* Project object */ = {
			isa = PBXProject;
			attributes = {
				BuildIndependentTargetsInParallel = 1;
				LastSwiftUpdateCheck = 1530;
				LastUpgradeCheck = 1530;
				TargetAttributes = {
					4928D32A2BCCB9CF005420BF = {
						CreatedOnToolsVersion = 15.3;
					};
				};
			};
			buildConfigurationList = 4928D3262BCCB9CF005420BF /* Build configuration list for PBXProject "natuar" */;
			compatibilityVersion = "Xcode 14.0";
			developmentRegion = en;
			hasScannedForEncodings = 0;
			knownRegions = (
				en,
				Base,
			);
			mainGroup = 4928D3222BCCB9CF005420BF;
			productRefGroup = 4928D32C2BCCB9CF005420BF /* Products */;
			projectDirPath = "";
			projectRoot = "";
			targets = (
				4928D32A2BCCB9CF005420BF /* natuar */,
			);
		};
/* End PBXProject section */

/* Begin PBXResourcesBuildPhase section */
		4928D3292BCCB9CF005420BF /* Resources */ = {
			isa = PBXResourcesBuildPhase;
			buildActionMask = 2147483647;
			files = (
				49FBF1EA2BE58590007D05D0 /* alpaca.usdz in Resources */,
				4928D3362BCCB9D0005420BF /* Preview Assets.xcassets in Resources */,
				49A4297C2BF91FD500EC8E8B /* llama6.usdz in Resources */,
				4928D3332BCCB9D0005420BF /* Assets.xcassets in Resources */,
			);
			runOnlyForDeploymentPostprocessing = 0;
		};
/* End PBXResourcesBuildPhase section */

/* Begin PBXSourcesBuildPhase section */
		4928D3272BCCB9CF005420BF /* Sources */ = {
			isa = PBXSourcesBuildPhase;
			buildActionMask = 2147483647;
			files = (
				499637752C1517D3004486BB /* FavoriteViewModel.swift in Sources */,
				49DFB7562BFD9C7300EEA79E /* MaterialDesignTextField.swift in Sources */,
				49737BC62C016A93009D4459 /* InfoCardView.swift in Sources */,
				49FE80E42BD0CE1900C23E57 /* MapView.swift in Sources */,
				49FE80DE2BD0CABC00C23E57 /* MapScreen.swift in Sources */,
				499637652C08033A004486BB /* UserDefaultsManager.swift in Sources */,
				499637722C1150C9004486BB /* AnimalCard.swift in Sources */,
				4928D3312BCCB9CF005420BF /* ContentView.swift in Sources */,
				49DFB7522BFD9C0800EEA79E /* CirculatButtonWithLogo.swift in Sources */,
				49737BC32C016961009D4459 /* AnimalDetailsView.swift in Sources */,
				499637702C112060004486BB /* AnimalViewModel.swift in Sources */,
				49FE80D22BD0C97100C23E57 /* MainScreen.swift in Sources */,
				4996375F2C07F604004486BB /* LoginViewModel.swift in Sources */,
				49DFB7542BFD9C5800EEA79E /* CustomLoginButton.swift in Sources */,
				499637672C082169004486BB /* MapViewModel.swift in Sources */,
				49FE80E02BD0CB1700C23E57 /* FavoriteAnimalsScreen.swift in Sources */,
				499637632C07F97F004486BB /* Constants.swift in Sources */,
				49FE80E22BD0CB3B00C23E57 /* UserConfigScreen.swift in Sources */,
				49FE80EC2BD37F8E00C23E57 /* UbicationDetailsView.swift in Sources */,
				49737BC92C017424009D4459 /* SegmentedPicker.swift in Sources */,
				4996376B2C0821A5004486BB /* Animal.swift in Sources */,
				49FE80E72BD0D4E400C23E57 /* ToggleMapStyleButton.swift in Sources */,
				4928D32F2BCCB9CF005420BF /* natuarApp.swift in Sources */,
				49FBF1CE2BE567B3007D05D0 /* AnimalScreen.swift in Sources */,
				4996376D2C082279004486BB /* Spot.swift in Sources */,
				4996375C2C07DF1E004486BB /* LoginScreen.swift in Sources */,
				49737BC02C01590D009D4459 /* BackButton.swift in Sources */,
			);
			runOnlyForDeploymentPostprocessing = 0;
		};
/* End PBXSourcesBuildPhase section */

/* Begin XCBuildConfiguration section */
		4928D3372BCCB9D0005420BF /* Debug */ = {
			isa = XCBuildConfiguration;
			buildSettings = {
				ALWAYS_SEARCH_USER_PATHS = NO;
				ASSETCATALOG_COMPILER_GENERATE_SWIFT_ASSET_SYMBOL_EXTENSIONS = YES;
				CLANG_ANALYZER_NONNULL = YES;
				CLANG_ANALYZER_NUMBER_OBJECT_CONVERSION = YES_AGGRESSIVE;
				CLANG_CXX_LANGUAGE_STANDARD = "gnu++20";
				CLANG_ENABLE_MODULES = YES;
				CLANG_ENABLE_OBJC_ARC = YES;
				CLANG_ENABLE_OBJC_WEAK = YES;
				CLANG_WARN_BLOCK_CAPTURE_AUTORELEASING = YES;
				CLANG_WARN_BOOL_CONVERSION = YES;
				CLANG_WARN_COMMA = YES;
				CLANG_WARN_CONSTANT_CONVERSION = YES;
				CLANG_WARN_DEPRECATED_OBJC_IMPLEMENTATIONS = YES;
				CLANG_WARN_DIRECT_OBJC_ISA_USAGE = YES_ERROR;
				CLANG_WARN_DOCUMENTATION_COMMENTS = YES;
				CLANG_WARN_EMPTY_BODY = YES;
				CLANG_WARN_ENUM_CONVERSION = YES;
				CLANG_WARN_INFINITE_RECURSION = YES;
				CLANG_WARN_INT_CONVERSION = YES;
				CLANG_WARN_NON_LITERAL_NULL_CONVERSION = YES;
				CLANG_WARN_OBJC_IMPLICIT_RETAIN_SELF = YES;
				CLANG_WARN_OBJC_LITERAL_CONVERSION = YES;
				CLANG_WARN_OBJC_ROOT_CLASS = YES_ERROR;
				CLANG_WARN_QUOTED_INCLUDE_IN_FRAMEWORK_HEADER = YES;
				CLANG_WARN_RANGE_LOOP_ANALYSIS = YES;
				CLANG_WARN_STRICT_PROTOTYPES = YES;
				CLANG_WARN_SUSPICIOUS_MOVE = YES;
				CLANG_WARN_UNGUARDED_AVAILABILITY = YES_AGGRESSIVE;
				CLANG_WARN_UNREACHABLE_CODE = YES;
				CLANG_WARN__DUPLICATE_METHOD_MATCH = YES;
				COPY_PHASE_STRIP = NO;
				DEBUG_INFORMATION_FORMAT = dwarf;
				ENABLE_STRICT_OBJC_MSGSEND = YES;
				ENABLE_TESTABILITY = YES;
				ENABLE_USER_SCRIPT_SANDBOXING = YES;
				GCC_C_LANGUAGE_STANDARD = gnu17;
				GCC_DYNAMIC_NO_PIC = NO;
				GCC_NO_COMMON_BLOCKS = YES;
				GCC_OPTIMIZATION_LEVEL = 0;
				GCC_PREPROCESSOR_DEFINITIONS = (
					"DEBUG=1",
					"$(inherited)",
				);
				GCC_WARN_64_TO_32_BIT_CONVERSION = YES;
				GCC_WARN_ABOUT_RETURN_TYPE = YES_ERROR;
				GCC_WARN_UNDECLARED_SELECTOR = YES;
				GCC_WARN_UNINITIALIZED_AUTOS = YES_AGGRESSIVE;
				GCC_WARN_UNUSED_FUNCTION = YES;
				GCC_WARN_UNUSED_VARIABLE = YES;
				IPHONEOS_DEPLOYMENT_TARGET = 17.4;
				LOCALIZATION_PREFERS_STRING_CATALOGS = YES;
				MTL_ENABLE_DEBUG_INFO = INCLUDE_SOURCE;
				MTL_FAST_MATH = YES;
				ONLY_ACTIVE_ARCH = YES;
				SDKROOT = iphoneos;
				SWIFT_ACTIVE_COMPILATION_CONDITIONS = "DEBUG $(inherited)";
				SWIFT_OPTIMIZATION_LEVEL = "-Onone";
			};
			name = Debug;
		};
		4928D3382BCCB9D0005420BF /* Release */ = {
			isa = XCBuildConfiguration;
			buildSettings = {
				ALWAYS_SEARCH_USER_PATHS = NO;
				ASSETCATALOG_COMPILER_GENERATE_SWIFT_ASSET_SYMBOL_EXTENSIONS = YES;
				CLANG_ANALYZER_NONNULL = YES;
				CLANG_ANALYZER_NUMBER_OBJECT_CONVERSION = YES_AGGRESSIVE;
				CLANG_CXX_LANGUAGE_STANDARD = "gnu++20";
				CLANG_ENABLE_MODULES = YES;
				CLANG_ENABLE_OBJC_ARC = YES;
				CLANG_ENABLE_OBJC_WEAK = YES;
				CLANG_WARN_BLOCK_CAPTURE_AUTORELEASING = YES;
				CLANG_WARN_BOOL_CONVERSION = YES;
				CLANG_WARN_COMMA = YES;
				CLANG_WARN_CONSTANT_CONVERSION = YES;
				CLANG_WARN_DEPRECATED_OBJC_IMPLEMENTATIONS = YES;
				CLANG_WARN_DIRECT_OBJC_ISA_USAGE = YES_ERROR;
				CLANG_WARN_DOCUMENTATION_COMMENTS = YES;
				CLANG_WARN_EMPTY_BODY = YES;
				CLANG_WARN_ENUM_CONVERSION = YES;
				CLANG_WARN_INFINITE_RECURSION = YES;
				CLANG_WARN_INT_CONVERSION = YES;
				CLANG_WARN_NON_LITERAL_NULL_CONVERSION = YES;
				CLANG_WARN_OBJC_IMPLICIT_RETAIN_SELF = YES;
				CLANG_WARN_OBJC_LITERAL_CONVERSION = YES;
				CLANG_WARN_OBJC_ROOT_CLASS = YES_ERROR;
				CLANG_WARN_QUOTED_INCLUDE_IN_FRAMEWORK_HEADER = YES;
				CLANG_WARN_RANGE_LOOP_ANALYSIS = YES;
				CLANG_WARN_STRICT_PROTOTYPES = YES;
				CLANG_WARN_SUSPICIOUS_MOVE = YES;
				CLANG_WARN_UNGUARDED_AVAILABILITY = YES_AGGRESSIVE;
				CLANG_WARN_UNREACHABLE_CODE = YES;
				CLANG_WARN__DUPLICATE_METHOD_MATCH = YES;
				COPY_PHASE_STRIP = NO;
				DEBUG_INFORMATION_FORMAT = "dwarf-with-dsym";
				ENABLE_NS_ASSERTIONS = NO;
				ENABLE_STRICT_OBJC_MSGSEND = YES;
				ENABLE_USER_SCRIPT_SANDBOXING = YES;
				GCC_C_LANGUAGE_STANDARD = gnu17;
				GCC_NO_COMMON_BLOCKS = YES;
				GCC_WARN_64_TO_32_BIT_CONVERSION = YES;
				GCC_WARN_ABOUT_RETURN_TYPE = YES_ERROR;
				GCC_WARN_UNDECLARED_SELECTOR = YES;
				GCC_WARN_UNINITIALIZED_AUTOS = YES_AGGRESSIVE;
				GCC_WARN_UNUSED_FUNCTION = YES;
				GCC_WARN_UNUSED_VARIABLE = YES;
				IPHONEOS_DEPLOYMENT_TARGET = 17.4;
				LOCALIZATION_PREFERS_STRING_CATALOGS = YES;
				MTL_ENABLE_DEBUG_INFO = NO;
				MTL_FAST_MATH = YES;
				SDKROOT = iphoneos;
				SWIFT_COMPILATION_MODE = wholemodule;
				VALIDATE_PRODUCT = YES;
			};
			name = Release;
		};
		4928D33A2BCCB9D0005420BF /* Debug */ = {
			isa = XCBuildConfiguration;
			buildSettings = {
				ASSETCATALOG_COMPILER_APPICON_NAME = AppIcon;
				ASSETCATALOG_COMPILER_GLOBAL_ACCENT_COLOR_NAME = AccentColor;
				CODE_SIGN_STYLE = Automatic;
				CURRENT_PROJECT_VERSION = 1;
				DEVELOPMENT_ASSET_PATHS = "\"natuar/Preview Content\"";
				DEVELOPMENT_TEAM = C77BXF2QSN;
				ENABLE_PREVIEWS = YES;
				GENERATE_INFOPLIST_FILE = YES;
				INFOPLIST_KEY_NSCameraUsageDescription = "Se necesita acceso a la cámara para usarla en la realidad aumentada";
				INFOPLIST_KEY_NSLocationWhenInUseUsageDescription = "Tu localización se usará para mostrarte animales cercanos";
				INFOPLIST_KEY_NSPhotoLibraryUsageDescription = "Permiso requerido para guardar las fotografías de Realidad Aumentada";
				INFOPLIST_KEY_UIApplicationSceneManifest_Generation = YES;
				INFOPLIST_KEY_UIApplicationSupportsIndirectInputEvents = YES;
				INFOPLIST_KEY_UILaunchScreen_Generation = YES;
				INFOPLIST_KEY_UISupportedInterfaceOrientations_iPad = "UIInterfaceOrientationPortrait UIInterfaceOrientationPortraitUpsideDown UIInterfaceOrientationLandscapeLeft UIInterfaceOrientationLandscapeRight";
				INFOPLIST_KEY_UISupportedInterfaceOrientations_iPhone = "UIInterfaceOrientationPortrait UIInterfaceOrientationLandscapeLeft UIInterfaceOrientationLandscapeRight";
				IPHONEOS_DEPLOYMENT_TARGET = 17.0;
				LD_RUNPATH_SEARCH_PATHS = (
					"$(inherited)",
					"@executable_path/Frameworks",
				);
				MARKETING_VERSION = 1.0;
				PRODUCT_BUNDLE_IDENTIFIER = natuar.natuar;
				PRODUCT_NAME = "$(TARGET_NAME)";
				SWIFT_EMIT_LOC_STRINGS = YES;
				SWIFT_VERSION = 5.0;
				TARGETED_DEVICE_FAMILY = "1,2";
			};
			name = Debug;
		};
		4928D33B2BCCB9D0005420BF /* Release */ = {
			isa = XCBuildConfiguration;
			buildSettings = {
				ASSETCATALOG_COMPILER_APPICON_NAME = AppIcon;
				ASSETCATALOG_COMPILER_GLOBAL_ACCENT_COLOR_NAME = AccentColor;
				CODE_SIGN_STYLE = Automatic;
				CURRENT_PROJECT_VERSION = 1;
				DEVELOPMENT_ASSET_PATHS = "\"natuar/Preview Content\"";
				DEVELOPMENT_TEAM = C77BXF2QSN;
				ENABLE_PREVIEWS = YES;
				GENERATE_INFOPLIST_FILE = YES;
				INFOPLIST_KEY_NSCameraUsageDescription = "Se necesita acceso a la cámara para usarla en la realidad aumentada";
				INFOPLIST_KEY_NSLocationWhenInUseUsageDescription = "Tu localización se usará para mostrarte animales cercanos";
				INFOPLIST_KEY_NSPhotoLibraryUsageDescription = "Permiso requerido para guardar las fotografías de Realidad Aumentada";
				INFOPLIST_KEY_UIApplicationSceneManifest_Generation = YES;
				INFOPLIST_KEY_UIApplicationSupportsIndirectInputEvents = YES;
				INFOPLIST_KEY_UILaunchScreen_Generation = YES;
				INFOPLIST_KEY_UISupportedInterfaceOrientations_iPad = "UIInterfaceOrientationPortrait UIInterfaceOrientationPortraitUpsideDown UIInterfaceOrientationLandscapeLeft UIInterfaceOrientationLandscapeRight";
				INFOPLIST_KEY_UISupportedInterfaceOrientations_iPhone = "UIInterfaceOrientationPortrait UIInterfaceOrientationLandscapeLeft UIInterfaceOrientationLandscapeRight";
				IPHONEOS_DEPLOYMENT_TARGET = 17.0;
				LD_RUNPATH_SEARCH_PATHS = (
					"$(inherited)",
					"@executable_path/Frameworks",
				);
				MARKETING_VERSION = 1.0;
				PRODUCT_BUNDLE_IDENTIFIER = natuar.natuar;
				PRODUCT_NAME = "$(TARGET_NAME)";
				SWIFT_EMIT_LOC_STRINGS = YES;
				SWIFT_VERSION = 5.0;
				TARGETED_DEVICE_FAMILY = "1,2";
			};
			name = Release;
		};
/* End XCBuildConfiguration section */

/* Begin XCConfigurationList section */
		4928D3262BCCB9CF005420BF /* Build configuration list for PBXProject "natuar" */ = {
			isa = XCConfigurationList;
			buildConfigurations = (
				4928D3372BCCB9D0005420BF /* Debug */,
				4928D3382BCCB9D0005420BF /* Release */,
			);
			defaultConfigurationIsVisible = 0;
			defaultConfigurationName = Release;
		};
		4928D3392BCCB9D0005420BF /* Build configuration list for PBXNativeTarget "natuar" */ = {
			isa = XCConfigurationList;
			buildConfigurations = (
				4928D33A2BCCB9D0005420BF /* Debug */,
				4928D33B2BCCB9D0005420BF /* Release */,
			);
			defaultConfigurationIsVisible = 0;
			defaultConfigurationName = Release;
		};
/* End XCConfigurationList section */
	};
	rootObject = 4928D3232BCCB9CF005420BF /* Project object */;
}
