// !$*UTF8*$!
{
	archiveVersion = 1;
	classes = {
	};
	objectVersion = 56;
	objects = {

/* Begin PBXBuildFile section */
		4928D32F2BCCB9CF005420BF /* natuarApp.swift in Sources */ = {isa = PBXBuildFile; fileRef = 4928D32E2BCCB9CF005420BF /* natuarApp.swift */; };
		4928D3312BCCB9CF005420BF /* ContentView.swift in Sources */ = {isa = PBXBuildFile; fileRef = 4928D3302BCCB9CF005420BF /* ContentView.swift */; };
		4928D3332BCCB9D0005420BF /* Assets.xcassets in Resources */ = {isa = PBXBuildFile; fileRef = 4928D3322BCCB9D0005420BF /* Assets.xcassets */; };
		4928D3362BCCB9D0005420BF /* Preview Assets.xcassets in Resources */ = {isa = PBXBuildFile; fileRef = 4928D3352BCCB9D0005420BF /* Preview Assets.xcassets */; };
		49737BC02C01590D009D4459 /* BackButton.swift in Sources */ = {isa = PBXBuildFile; fileRef = 49737BBF2C01590D009D4459 /* BackButton.swift */; };
		49737BC32C016961009D4459 /* AnimalDetailsView.swift in Sources */ = {isa = PBXBuildFile; fileRef = 49737BC22C016961009D4459 /* AnimalDetailsView.swift */; };
		49737BC62C016A93009D4459 /* InfoCardView.swift in Sources */ = {isa = PBXBuildFile; fileRef = 49737BC52C016A93009D4459 /* InfoCardView.swift */; };
		49737BC92C017424009D4459 /* SegmentedPicker.swift in Sources */ = {isa = PBXBuildFile; fileRef = 49737BC82C017424009D4459 /* SegmentedPicker.swift */; };
		4996375C2C07DF1E004486BB /* LoginScreen.swift in Sources */ = {isa = PBXBuildFile; fileRef = 4996375B2C07DF1E004486BB /* LoginScreen.swift */; };
		4996375F2C07F604004486BB /* LoginViewModel.swift in Sources */ = {isa = PBXBuildFile; fileRef = 4996375E2C07F604004486BB /* LoginViewModel.swift */; };
		499637632C07F97F004486BB /* Constants.swift in Sources */ = {isa = PBXBuildFile; fileRef = 499637622C07F97F004486BB /* Constants.swift */; };
		499637652C08033A004486BB /* UserDefaultsManager.swift in Sources */ = {isa = PBXBuildFile; fileRef = 499637642C08033A004486BB /* UserDefaultsManager.swift */; };
		499637672C082169004486BB /* MapViewModel.swift in Sources */ = {isa = PBXBuildFile; fileRef = 499637662C082169004486BB /* MapViewModel.swift */; };
		4996376B2C0821A5004486BB /* Animal.swift in Sources */ = {isa = PBXBuildFile; fileRef = 4996376A2C0821A5004486BB /* Animal.swift */; };
		4996376D2C082279004486BB /* Spot.swift in Sources */ = {isa = PBXBuildFile; fileRef = 4996376C2C082279004486BB /* Spot.swift */; };
		499637702C112060004486BB /* AnimalViewModel.swift in Sources */ = {isa = PBXBuildFile; fileRef = 4996376F2C112060004486BB /* AnimalViewModel.swift */; };
		499637722C1150C9004486BB /* AnimalCard.swift in Sources */ = {isa = PBXBuildFile; fileRef = 499637712C1150C9004486BB /* AnimalCard.swift */; };
		499637752C1517D3004486BB /* FavoriteViewModel.swift in Sources */ = {isa = PBXBuildFile; fileRef = 499637742C1517D3004486BB /* FavoriteViewModel.swift */; };
		499637772C163682004486BB /* AppDelegate.swift in Sources */ = {isa = PBXBuildFile; fileRef = 499637762C163682004486BB /* AppDelegate.swift */; };
		4996377A2C16370D004486BB /* GoogleSignIn in Frameworks */ = {isa = PBXBuildFile; productRef = 499637792C16370D004486BB /* GoogleSignIn */; };
		4996377C2C16370D004486BB /* GoogleSignInSwift in Frameworks */ = {isa = PBXBuildFile; productRef = 4996377B2C16370D004486BB /* GoogleSignInSwift */; };
		49A333B12C867C14007B1F86 /* AnimalsData.swift in Sources */ = {isa = PBXBuildFile; fileRef = 49A333B02C867C14007B1F86 /* AnimalsData.swift */; };
		49A333B32C8BAC98007B1F86 /* SpotsData.swift in Sources */ = {isa = PBXBuildFile; fileRef = 49A333B22C8BAC98007B1F86 /* SpotsData.swift */; };
		49A333B72C8BAED2007B1F86 /* OfflineUser.swift in Sources */ = {isa = PBXBuildFile; fileRef = 49A333B62C8BAED2007B1F86 /* OfflineUser.swift */; };
		49A333BA2C8BBB30007B1F86 /* HaversineDistance.swift in Sources */ = {isa = PBXBuildFile; fileRef = 49A333B92C8BBB30007B1F86 /* HaversineDistance.swift */; };
		49C8CC102C8FA85D00127EE0 /* RegisterViewModel.swift in Sources */ = {isa = PBXBuildFile; fileRef = 49C8CC0F2C8FA85D00127EE0 /* RegisterViewModel.swift */; };
		49C8CC122C8FABE700127EE0 /* RegisterScreen.swift in Sources */ = {isa = PBXBuildFile; fileRef = 49C8CC112C8FABE700127EE0 /* RegisterScreen.swift */; };
		49C928752C1A8A9F0046325B /* SeenAnimals.swift in Sources */ = {isa = PBXBuildFile; fileRef = 49C928742C1A8A9F0046325B /* SeenAnimals.swift */; };
		49C928772C1A8AC00046325B /* UserViewModel.swift in Sources */ = {isa = PBXBuildFile; fileRef = 49C928762C1A8AC00046325B /* UserViewModel.swift */; };
		49C9287A2C1A8B2E0046325B /* User.swift in Sources */ = {isa = PBXBuildFile; fileRef = 49C928792C1A8B2E0046325B /* User.swift */; };
		49C9287C2C1A967D0046325B /* UpdateUserForm.swift in Sources */ = {isa = PBXBuildFile; fileRef = 49C9287B2C1A967D0046325B /* UpdateUserForm.swift */; };
		49D53E992C7D35300093E900 /* ImagePreviewView.swift in Sources */ = {isa = PBXBuildFile; fileRef = 49D53E982C7D35300093E900 /* ImagePreviewView.swift */; };
		49DFB7522BFD9C0800EEA79E /* CirculatButtonWithLogo.swift in Sources */ = {isa = PBXBuildFile; fileRef = 49DFB7512BFD9C0800EEA79E /* CirculatButtonWithLogo.swift */; };
		49DFB7542BFD9C5800EEA79E /* CustomLoginButton.swift in Sources */ = {isa = PBXBuildFile; fileRef = 49DFB7532BFD9C5800EEA79E /* CustomLoginButton.swift */; };
		49DFB7562BFD9C7300EEA79E /* MaterialDesignTextField.swift in Sources */ = {isa = PBXBuildFile; fileRef = 49DFB7552BFD9C7300EEA79E /* MaterialDesignTextField.swift */; };
		49E72ABE2C2CB2120061332D /* river_wolf.usdz in Resources */ = {isa = PBXBuildFile; fileRef = 49E72AA72C2CB20F0061332D /* river_wolf.usdz */; };
		49E72ABF2C2CB2120061332D /* andean_toucan.usdz in Resources */ = {isa = PBXBuildFile; fileRef = 49E72AA82C2CB20F0061332D /* andean_toucan.usdz */; };
		49E72AC02C2CB2120061332D /* carpenter.usdz in Resources */ = {isa = PBXBuildFile; fileRef = 49E72AA92C2CB20F0061332D /* carpenter.usdz */; };
		49E72AC12C2CB2120061332D /* puma.usdz in Resources */ = {isa = PBXBuildFile; fileRef = 49E72AAA2C2CB20F0061332D /* puma.usdz */; };
		49E72AC22C2CB2120061332D /* andean_flamenco.usdz in Resources */ = {isa = PBXBuildFile; fileRef = 49E72AAB2C2CB20F0061332D /* andean_flamenco.usdz */; };
		49E72AC32C2CB2120061332D /* andean_fox.usdz in Resources */ = {isa = PBXBuildFile; fileRef = 49E72AAC2C2CB20F0061332D /* andean_fox.usdz */; };
		49E72AC42C2CB2120061332D /* red_macaw.usdz in Resources */ = {isa = PBXBuildFile; fileRef = 49E72AAD2C2CB2100061332D /* red_macaw.usdz */; };
		49E72AC52C2CB2120061332D /* pelican.usdz in Resources */ = {isa = PBXBuildFile; fileRef = 49E72AAE2C2CB2100061332D /* pelican.usdz */; };
		49E72AC62C2CB2120061332D /* vicuna.usdz in Resources */ = {isa = PBXBuildFile; fileRef = 49E72AAF2C2CB2100061332D /* vicuna.usdz */; };
		49E72AC82C2CB2120061332D /* giant_frog.usdz in Resources */ = {isa = PBXBuildFile; fileRef = 49E72AB12C2CB2100061332D /* giant_frog.usdz */; };
		49E72AC92C2CB2120061332D /* alpaca.usdz in Resources */ = {isa = PBXBuildFile; fileRef = 49E72AB22C2CB2100061332D /* alpaca.usdz */; };
		49E72ACA2C2CB2120061332D /* yellow_monkey.usdz in Resources */ = {isa = PBXBuildFile; fileRef = 49E72AB32C2CB2100061332D /* yellow_monkey.usdz */; };
		49E72ACB2C2CB2120061332D /* black_caiman.usdz in Resources */ = {isa = PBXBuildFile; fileRef = 49E72AB42C2CB2100061332D /* black_caiman.usdz */; };
		49E72ACC2C2CB2120061332D /* cascabel.usdz in Resources */ = {isa = PBXBuildFile; fileRef = 49E72AB52C2CB2110061332D /* cascabel.usdz */; };
		49E72ACD2C2CB2120061332D /* charapa_turtle.usdz in Resources */ = {isa = PBXBuildFile; fileRef = 49E72AB62C2CB2110061332D /* charapa_turtle.usdz */; };
		49E72ACE2C2CB2120061332D /* red_deer.usdz in Resources */ = {isa = PBXBuildFile; fileRef = 49E72AB72C2CB2110061332D /* red_deer.usdz */; };
		49E72ACF2C2CB2120061332D /* sajino.usdz in Resources */ = {isa = PBXBuildFile; fileRef = 49E72AB82C2CB2120061332D /* sajino.usdz */; };
		49E72AD02C2CB2120061332D /* constrictor.usdz in Resources */ = {isa = PBXBuildFile; fileRef = 49E72AB92C2CB2120061332D /* constrictor.usdz */; };
		49E72AD12C2CB2120061332D /* white_deer.usdz in Resources */ = {isa = PBXBuildFile; fileRef = 49E72ABA2C2CB2120061332D /* white_deer.usdz */; };
		49E72AD22C2CB2120061332D /* red_monkey.usdz in Resources */ = {isa = PBXBuildFile; fileRef = 49E72ABB2C2CB2120061332D /* red_monkey.usdz */; };
		49E72AD32C2CB2120061332D /* llama.usdz in Resources */ = {isa = PBXBuildFile; fileRef = 49E72ABC2C2CB2120061332D /* llama.usdz */; };
		49E72AD52C2CB9530061332D /* jaguar.usdz in Resources */ = {isa = PBXBuildFile; fileRef = 49E72AD42C2CB9530061332D /* jaguar.usdz */; };
		49E72AD72C2CD6710061332D /* pink_dolphin.usdz in Resources */ = {isa = PBXBuildFile; fileRef = 49E72AD62C2CD6710061332D /* pink_dolphin.usdz */; };
		49E72AD92C2CDC170061332D /* coast_fox.usdz in Resources */ = {isa = PBXBuildFile; fileRef = 49E72AD82C2CDC170061332D /* coast_fox.usdz */; };
		49FBF1CE2BE567B3007D05D0 /* AnimalScreen.swift in Sources */ = {isa = PBXBuildFile; fileRef = 49FBF1CD2BE567B3007D05D0 /* AnimalScreen.swift */; };
		49FE80D22BD0C97100C23E57 /* MainScreen.swift in Sources */ = {isa = PBXBuildFile; fileRef = 49FE80D12BD0C97100C23E57 /* MainScreen.swift */; };
		49FE80DE2BD0CABC00C23E57 /* MapScreen.swift in Sources */ = {isa = PBXBuildFile; fileRef = 49FE80DD2BD0CABC00C23E57 /* MapScreen.swift */; };
		49FE80E02BD0CB1700C23E57 /* FavoriteAnimalsScreen.swift in Sources */ = {isa = PBXBuildFile; fileRef = 49FE80DF2BD0CB1700C23E57 /* FavoriteAnimalsScreen.swift */; };
		49FE80E22BD0CB3B00C23E57 /* UserConfigScreen.swift in Sources */ = {isa = PBXBuildFile; fileRef = 49FE80E12BD0CB3B00C23E57 /* UserConfigScreen.swift */; };
		49FE80E42BD0CE1900C23E57 /* MapView.swift in Sources */ = {isa = PBXBuildFile; fileRef = 49FE80E32BD0CE1900C23E57 /* MapView.swift */; };
		49FE80E72BD0D4E400C23E57 /* ToggleMapStyleButton.swift in Sources */ = {isa = PBXBuildFile; fileRef = 49FE80E62BD0D4E400C23E57 /* ToggleMapStyleButton.swift */; };
		49FE80EC2BD37F8E00C23E57 /* UbicationDetailsView.swift in Sources */ = {isa = PBXBuildFile; fileRef = 49FE80EB2BD37F8E00C23E57 /* UbicationDetailsView.swift */; };
/* End PBXBuildFile section */

/* Begin PBXFileReference section */
		4928D32B2BCCB9CF005420BF /* natuar.app */ = {isa = PBXFileReference; explicitFileType = wrapper.application; includeInIndex = 0; path = natuar.app; sourceTree = BUILT_PRODUCTS_DIR; };
		4928D32E2BCCB9CF005420BF /* natuarApp.swift */ = {isa = PBXFileReference; lastKnownFileType = sourcecode.swift; path = natuarApp.swift; sourceTree = "<group>"; };
		4928D3302BCCB9CF005420BF /* ContentView.swift */ = {isa = PBXFileReference; lastKnownFileType = sourcecode.swift; path = ContentView.swift; sourceTree = "<group>"; };
		4928D3322BCCB9D0005420BF /* Assets.xcassets */ = {isa = PBXFileReference; lastKnownFileType = folder.assetcatalog; path = Assets.xcassets; sourceTree = "<group>"; };
		4928D3352BCCB9D0005420BF /* Preview Assets.xcassets */ = {isa = PBXFileReference; lastKnownFileType = folder.assetcatalog; path = "Preview Assets.xcassets"; sourceTree = "<group>"; };
		49737BBF2C01590D009D4459 /* BackButton.swift */ = {isa = PBXFileReference; lastKnownFileType = sourcecode.swift; path = BackButton.swift; sourceTree = "<group>"; };
		49737BC22C016961009D4459 /* AnimalDetailsView.swift */ = {isa = PBXFileReference; lastKnownFileType = sourcecode.swift; path = AnimalDetailsView.swift; sourceTree = "<group>"; };
		49737BC52C016A93009D4459 /* InfoCardView.swift */ = {isa = PBXFileReference; lastKnownFileType = sourcecode.swift; path = InfoCardView.swift; sourceTree = "<group>"; };
		49737BC82C017424009D4459 /* SegmentedPicker.swift */ = {isa = PBXFileReference; lastKnownFileType = sourcecode.swift; path = SegmentedPicker.swift; sourceTree = "<group>"; };
		4996375B2C07DF1E004486BB /* LoginScreen.swift */ = {isa = PBXFileReference; fileEncoding = 4; lastKnownFileType = sourcecode.swift; path = LoginScreen.swift; sourceTree = "<group>"; };
		4996375E2C07F604004486BB /* LoginViewModel.swift */ = {isa = PBXFileReference; lastKnownFileType = sourcecode.swift; path = LoginViewModel.swift; sourceTree = "<group>"; };
		499637622C07F97F004486BB /* Constants.swift */ = {isa = PBXFileReference; lastKnownFileType = sourcecode.swift; path = Constants.swift; sourceTree = "<group>"; };
		499637642C08033A004486BB /* UserDefaultsManager.swift */ = {isa = PBXFileReference; lastKnownFileType = sourcecode.swift; path = UserDefaultsManager.swift; sourceTree = "<group>"; };
		499637662C082169004486BB /* MapViewModel.swift */ = {isa = PBXFileReference; lastKnownFileType = sourcecode.swift; path = MapViewModel.swift; sourceTree = "<group>"; };
		4996376A2C0821A5004486BB /* Animal.swift */ = {isa = PBXFileReference; lastKnownFileType = sourcecode.swift; path = Animal.swift; sourceTree = "<group>"; };
		4996376C2C082279004486BB /* Spot.swift */ = {isa = PBXFileReference; lastKnownFileType = sourcecode.swift; path = Spot.swift; sourceTree = "<group>"; };
		4996376F2C112060004486BB /* AnimalViewModel.swift */ = {isa = PBXFileReference; lastKnownFileType = sourcecode.swift; path = AnimalViewModel.swift; sourceTree = "<group>"; };
		499637712C1150C9004486BB /* AnimalCard.swift */ = {isa = PBXFileReference; lastKnownFileType = sourcecode.swift; path = AnimalCard.swift; sourceTree = "<group>"; };
		499637742C1517D3004486BB /* FavoriteViewModel.swift */ = {isa = PBXFileReference; lastKnownFileType = sourcecode.swift; path = FavoriteViewModel.swift; sourceTree = "<group>"; };
		499637762C163682004486BB /* AppDelegate.swift */ = {isa = PBXFileReference; lastKnownFileType = sourcecode.swift; path = AppDelegate.swift; sourceTree = "<group>"; };
		4996377D2C1639CB004486BB /* Info.plist */ = {isa = PBXFileReference; lastKnownFileType = text.plist; path = Info.plist; sourceTree = "<group>"; };
		49A333B02C867C14007B1F86 /* AnimalsData.swift */ = {isa = PBXFileReference; lastKnownFileType = sourcecode.swift; path = AnimalsData.swift; sourceTree = "<group>"; };
		49A333B22C8BAC98007B1F86 /* SpotsData.swift */ = {isa = PBXFileReference; lastKnownFileType = sourcecode.swift; path = SpotsData.swift; sourceTree = "<group>"; };
		49A333B62C8BAED2007B1F86 /* OfflineUser.swift */ = {isa = PBXFileReference; lastKnownFileType = sourcecode.swift; path = OfflineUser.swift; sourceTree = "<group>"; };
		49A333B92C8BBB30007B1F86 /* HaversineDistance.swift */ = {isa = PBXFileReference; lastKnownFileType = sourcecode.swift; path = HaversineDistance.swift; sourceTree = "<group>"; };
		49C8CC0F2C8FA85D00127EE0 /* RegisterViewModel.swift */ = {isa = PBXFileReference; lastKnownFileType = sourcecode.swift; path = RegisterViewModel.swift; sourceTree = "<group>"; };
		49C8CC112C8FABE700127EE0 /* RegisterScreen.swift */ = {isa = PBXFileReference; lastKnownFileType = sourcecode.swift; path = RegisterScreen.swift; sourceTree = "<group>"; };
		49C928742C1A8A9F0046325B /* SeenAnimals.swift */ = {isa = PBXFileReference; lastKnownFileType = sourcecode.swift; path = SeenAnimals.swift; sourceTree = "<group>"; };
		49C928762C1A8AC00046325B /* UserViewModel.swift */ = {isa = PBXFileReference; lastKnownFileType = sourcecode.swift; path = UserViewModel.swift; sourceTree = "<group>"; };
		49C928792C1A8B2E0046325B /* User.swift */ = {isa = PBXFileReference; lastKnownFileType = sourcecode.swift; path = User.swift; sourceTree = "<group>"; };
		49C9287B2C1A967D0046325B /* UpdateUserForm.swift */ = {isa = PBXFileReference; lastKnownFileType = sourcecode.swift; path = UpdateUserForm.swift; sourceTree = "<group>"; };
		49D53E982C7D35300093E900 /* ImagePreviewView.swift */ = {isa = PBXFileReference; lastKnownFileType = sourcecode.swift; path = ImagePreviewView.swift; sourceTree = "<group>"; };
		49DFB7512BFD9C0800EEA79E /* CirculatButtonWithLogo.swift */ = {isa = PBXFileReference; lastKnownFileType = sourcecode.swift; path = CirculatButtonWithLogo.swift; sourceTree = "<group>"; };
		49DFB7532BFD9C5800EEA79E /* CustomLoginButton.swift */ = {isa = PBXFileReference; lastKnownFileType = sourcecode.swift; path = CustomLoginButton.swift; sourceTree = "<group>"; };
		49DFB7552BFD9C7300EEA79E /* MaterialDesignTextField.swift */ = {isa = PBXFileReference; lastKnownFileType = sourcecode.swift; path = MaterialDesignTextField.swift; sourceTree = "<group>"; };
		49E72AA72C2CB20F0061332D /* river_wolf.usdz */ = {isa = PBXFileReference; lastKnownFileType = file.usdz; path = river_wolf.usdz; sourceTree = "<group>"; };
		49E72AA82C2CB20F0061332D /* andean_toucan.usdz */ = {isa = PBXFileReference; lastKnownFileType = file.usdz; path = andean_toucan.usdz; sourceTree = "<group>"; };
		49E72AA92C2CB20F0061332D /* carpenter.usdz */ = {isa = PBXFileReference; lastKnownFileType = file.usdz; path = carpenter.usdz; sourceTree = "<group>"; };
		49E72AAA2C2CB20F0061332D /* puma.usdz */ = {isa = PBXFileReference; lastKnownFileType = file.usdz; path = puma.usdz; sourceTree = "<group>"; };
		49E72AAB2C2CB20F0061332D /* andean_flamenco.usdz */ = {isa = PBXFileReference; lastKnownFileType = file.usdz; path = andean_flamenco.usdz; sourceTree = "<group>"; };
		49E72AAC2C2CB20F0061332D /* andean_fox.usdz */ = {isa = PBXFileReference; lastKnownFileType = file.usdz; path = andean_fox.usdz; sourceTree = "<group>"; };
		49E72AAD2C2CB2100061332D /* red_macaw.usdz */ = {isa = PBXFileReference; lastKnownFileType = file.usdz; path = red_macaw.usdz; sourceTree = "<group>"; };
		49E72AAE2C2CB2100061332D /* pelican.usdz */ = {isa = PBXFileReference; lastKnownFileType = file.usdz; path = pelican.usdz; sourceTree = "<group>"; };
		49E72AAF2C2CB2100061332D /* vicuna.usdz */ = {isa = PBXFileReference; lastKnownFileType = file.usdz; path = vicuna.usdz; sourceTree = "<group>"; };
		49E72AB12C2CB2100061332D /* giant_frog.usdz */ = {isa = PBXFileReference; lastKnownFileType = file.usdz; path = giant_frog.usdz; sourceTree = "<group>"; };
		49E72AB22C2CB2100061332D /* alpaca.usdz */ = {isa = PBXFileReference; lastKnownFileType = file.usdz; path = alpaca.usdz; sourceTree = "<group>"; };
		49E72AB32C2CB2100061332D /* yellow_monkey.usdz */ = {isa = PBXFileReference; lastKnownFileType = file.usdz; path = yellow_monkey.usdz; sourceTree = "<group>"; };
		49E72AB42C2CB2100061332D /* black_caiman.usdz */ = {isa = PBXFileReference; lastKnownFileType = file.usdz; path = black_caiman.usdz; sourceTree = "<group>"; };
		49E72AB52C2CB2110061332D /* cascabel.usdz */ = {isa = PBXFileReference; lastKnownFileType = file.usdz; path = cascabel.usdz; sourceTree = "<group>"; };
		49E72AB62C2CB2110061332D /* charapa_turtle.usdz */ = {isa = PBXFileReference; lastKnownFileType = file.usdz; path = charapa_turtle.usdz; sourceTree = "<group>"; };
		49E72AB72C2CB2110061332D /* red_deer.usdz */ = {isa = PBXFileReference; lastKnownFileType = file.usdz; path = red_deer.usdz; sourceTree = "<group>"; };
		49E72AB82C2CB2120061332D /* sajino.usdz */ = {isa = PBXFileReference; lastKnownFileType = file.usdz; path = sajino.usdz; sourceTree = "<group>"; };
		49E72AB92C2CB2120061332D /* constrictor.usdz */ = {isa = PBXFileReference; lastKnownFileType = file.usdz; path = constrictor.usdz; sourceTree = "<group>"; };
		49E72ABA2C2CB2120061332D /* white_deer.usdz */ = {isa = PBXFileReference; lastKnownFileType = file.usdz; path = white_deer.usdz; sourceTree = "<group>"; };
		49E72ABB2C2CB2120061332D /* red_monkey.usdz */ = {isa = PBXFileReference; lastKnownFileType = file.usdz; path = red_monkey.usdz; sourceTree = "<group>"; };
		49E72ABC2C2CB2120061332D /* llama.usdz */ = {isa = PBXFileReference; lastKnownFileType = file.usdz; name = llama.usdz; path = "../../../../../Library/CloudStorage/OneDrive-UniversidadPeruanadeCiencias/UPC/Tesis/modelos3d/listos/drive-download-20240614T184139Z-001/llama.usdz"; sourceTree = "<group>"; };
		49E72AD42C2CB9530061332D /* jaguar.usdz */ = {isa = PBXFileReference; lastKnownFileType = file.usdz; path = jaguar.usdz; sourceTree = "<group>"; };
		49E72AD62C2CD6710061332D /* pink_dolphin.usdz */ = {isa = PBXFileReference; lastKnownFileType = file.usdz; path = pink_dolphin.usdz; sourceTree = "<group>"; };
		49E72AD82C2CDC170061332D /* coast_fox.usdz */ = {isa = PBXFileReference; lastKnownFileType = file.usdz; path = coast_fox.usdz; sourceTree = "<group>"; };
		49FBF1CD2BE567B3007D05D0 /* AnimalScreen.swift */ = {isa = PBXFileReference; lastKnownFileType = sourcecode.swift; path = AnimalScreen.swift; sourceTree = "<group>"; };
		49FE80D12BD0C97100C23E57 /* MainScreen.swift */ = {isa = PBXFileReference; lastKnownFileType = sourcecode.swift; path = MainScreen.swift; sourceTree = "<group>"; };
		49FE80DD2BD0CABC00C23E57 /* MapScreen.swift */ = {isa = PBXFileReference; lastKnownFileType = sourcecode.swift; path = MapScreen.swift; sourceTree = "<group>"; };
		49FE80DF2BD0CB1700C23E57 /* FavoriteAnimalsScreen.swift */ = {isa = PBXFileReference; lastKnownFileType = sourcecode.swift; path = FavoriteAnimalsScreen.swift; sourceTree = "<group>"; };
		49FE80E12BD0CB3B00C23E57 /* UserConfigScreen.swift */ = {isa = PBXFileReference; lastKnownFileType = sourcecode.swift; path = UserConfigScreen.swift; sourceTree = "<group>"; };
		49FE80E32BD0CE1900C23E57 /* MapView.swift */ = {isa = PBXFileReference; lastKnownFileType = sourcecode.swift; path = MapView.swift; sourceTree = "<group>"; };
		49FE80E62BD0D4E400C23E57 /* ToggleMapStyleButton.swift */ = {isa = PBXFileReference; lastKnownFileType = sourcecode.swift; path = ToggleMapStyleButton.swift; sourceTree = "<group>"; };
		49FE80EB2BD37F8E00C23E57 /* UbicationDetailsView.swift */ = {isa = PBXFileReference; lastKnownFileType = sourcecode.swift; path = UbicationDetailsView.swift; sourceTree = "<group>"; };
/* End PBXFileReference section */

/* Begin PBXFrameworksBuildPhase section */
		4928D3282BCCB9CF005420BF /* Frameworks */ = {
			isa = PBXFrameworksBuildPhase;
			buildActionMask = 2147483647;
			files = (
				4996377A2C16370D004486BB /* GoogleSignIn in Frameworks */,
				4996377C2C16370D004486BB /* GoogleSignInSwift in Frameworks */,
			);
			runOnlyForDeploymentPostprocessing = 0;
		};
/* End PBXFrameworksBuildPhase section */

/* Begin PBXGroup section */
		4928D3222BCCB9CF005420BF = {
			isa = PBXGroup;
			children = (
				4928D32D2BCCB9CF005420BF /* natuar */,
				4928D32C2BCCB9CF005420BF /* Products */,
			);
			sourceTree = "<group>";
		};
		4928D32C2BCCB9CF005420BF /* Products */ = {
			isa = PBXGroup;
			children = (
				4928D32B2BCCB9CF005420BF /* natuar.app */,
			);
			name = Products;
			sourceTree = "<group>";
		};
		4928D32D2BCCB9CF005420BF /* natuar */ = {
			isa = PBXGroup;
			children = (
				4996377D2C1639CB004486BB /* Info.plist */,
				49FBF1C82BE564A5007D05D0 /* 3DModels */,
				4928D3302BCCB9CF005420BF /* ContentView.swift */,
				4928D32E2BCCB9CF005420BF /* natuarApp.swift */,
				4928D3322BCCB9D0005420BF /* Assets.xcassets */,
				49FE80D32BD0CA1000C23E57 /* Domains */,
				4928D3342BCCB9D0005420BF /* Preview Content */,
				49FE80CF2BD0C6DC00C23E57 /* Screens */,
				499637762C163682004486BB /* AppDelegate.swift */,
			);
			path = natuar;
			sourceTree = "<group>";
		};
		4928D3342BCCB9D0005420BF /* Preview Content */ = {
			isa = PBXGroup;
			children = (
				4928D3352BCCB9D0005420BF /* Preview Assets.xcassets */,
			);
			path = "Preview Content";
			sourceTree = "<group>";
		};
		49737BBD2C0158F2009D4459 /* Shared */ = {
			isa = PBXGroup;
			children = (
				49A333AF2C867BFC007B1F86 /* Data */,
				499637602C07F96D004486BB /* Utils */,
				49737BBE2C0158F9009D4459 /* Views */,
			);
			path = Shared;
			sourceTree = "<group>";
		};
		49737BBE2C0158F9009D4459 /* Views */ = {
			isa = PBXGroup;
			children = (
				49737BBF2C01590D009D4459 /* BackButton.swift */,
				49737BC82C017424009D4459 /* SegmentedPicker.swift */,
			);
			path = Views;
			sourceTree = "<group>";
		};
		49737BC12C0168F3009D4459 /* Views */ = {
			isa = PBXGroup;
			children = (
				49737BC22C016961009D4459 /* AnimalDetailsView.swift */,
				49737BC52C016A93009D4459 /* InfoCardView.swift */,
				49D53E982C7D35300093E900 /* ImagePreviewView.swift */,
			);
			path = Views;
			sourceTree = "<group>";
		};
		4996375D2C07F5F4004486BB /* ViewModel */ = {
			isa = PBXGroup;
			children = (
				4996375E2C07F604004486BB /* LoginViewModel.swift */,
				49C8CC0F2C8FA85D00127EE0 /* RegisterViewModel.swift */,
			);
			path = ViewModel;
			sourceTree = "<group>";
		};
		499637602C07F96D004486BB /* Utils */ = {
			isa = PBXGroup;
			children = (
				499637622C07F97F004486BB /* Constants.swift */,
				499637642C08033A004486BB /* UserDefaultsManager.swift */,
			);
			path = Utils;
			sourceTree = "<group>";
		};
		499637682C082180004486BB /* ViewModel */ = {
			isa = PBXGroup;
			children = (
				499637662C082169004486BB /* MapViewModel.swift */,
			);
			path = ViewModel;
			sourceTree = "<group>";
		};
		499637692C08219C004486BB /* Model */ = {
			isa = PBXGroup;
			children = (
				4996376A2C0821A5004486BB /* Animal.swift */,
			);
			path = Model;
			sourceTree = "<group>";
		};
		4996376E2C111FCF004486BB /* ViewModel */ = {
			isa = PBXGroup;
			children = (
				4996376F2C112060004486BB /* AnimalViewModel.swift */,
			);
			path = ViewModel;
			sourceTree = "<group>";
		};
		499637732C1517AA004486BB /* ViewModel */ = {
			isa = PBXGroup;
			children = (
				499637742C1517D3004486BB /* FavoriteViewModel.swift */,
			);
			path = ViewModel;
			sourceTree = "<group>";
		};
		49A333AF2C867BFC007B1F86 /* Data */ = {
			isa = PBXGroup;
			children = (
				49A333B02C867C14007B1F86 /* AnimalsData.swift */,
				49A333B22C8BAC98007B1F86 /* SpotsData.swift */,
				49A333B62C8BAED2007B1F86 /* OfflineUser.swift */,
			);
			path = Data;
			sourceTree = "<group>";
		};
		49A333B82C8BBB1A007B1F86 /* Utils */ = {
			isa = PBXGroup;
			children = (
				49A333B92C8BBB30007B1F86 /* HaversineDistance.swift */,
			);
			path = Utils;
			sourceTree = "<group>";
		};
		49C928732C1A8A7E0046325B /* ViewModel */ = {
			isa = PBXGroup;
			children = (
				49C928762C1A8AC00046325B /* UserViewModel.swift */,
			);
			path = ViewModel;
			sourceTree = "<group>";
		};
		49C928782C1A8B240046325B /* Model */ = {
			isa = PBXGroup;
			children = (
				49C928792C1A8B2E0046325B /* User.swift */,
			);
			path = Model;
			sourceTree = "<group>";
		};
		49DFB74C2BFD9B2700EEA79E /* Authentication */ = {
			isa = PBXGroup;
			children = (
				4996375D2C07F5F4004486BB /* ViewModel */,
				49DFB74E2BFD9B4300EEA79E /* Screens */,
				49DFB74D2BFD9B3E00EEA79E /* Views */,
			);
			path = Authentication;
			sourceTree = "<group>";
		};
		49DFB74D2BFD9B3E00EEA79E /* Views */ = {
			isa = PBXGroup;
			children = (
				49DFB7512BFD9C0800EEA79E /* CirculatButtonWithLogo.swift */,
				49DFB7532BFD9C5800EEA79E /* CustomLoginButton.swift */,
				49DFB7552BFD9C7300EEA79E /* MaterialDesignTextField.swift */,
			);
			path = Views;
			sourceTree = "<group>";
		};
		49DFB74E2BFD9B4300EEA79E /* Screens */ = {
			isa = PBXGroup;
			children = (
				4996375B2C07DF1E004486BB /* LoginScreen.swift */,
				49C8CC112C8FABE700127EE0 /* RegisterScreen.swift */,
			);
			path = Screens;
			sourceTree = "<group>";
		};
		49FBF1C82BE564A5007D05D0 /* 3DModels */ = {
			isa = PBXGroup;
			children = (
				49E72AD82C2CDC170061332D /* coast_fox.usdz */,
				49E72AD62C2CD6710061332D /* pink_dolphin.usdz */,
				49E72AD42C2CB9530061332D /* jaguar.usdz */,
				49E72AB22C2CB2100061332D /* alpaca.usdz */,
				49E72AAB2C2CB20F0061332D /* andean_flamenco.usdz */,
				49E72AAC2C2CB20F0061332D /* andean_fox.usdz */,
				49E72AA82C2CB20F0061332D /* andean_toucan.usdz */,
				49E72AB42C2CB2100061332D /* black_caiman.usdz */,
				49E72AA92C2CB20F0061332D /* carpenter.usdz */,
				49E72AB52C2CB2110061332D /* cascabel.usdz */,
				49E72AB62C2CB2110061332D /* charapa_turtle.usdz */,
				49E72AB92C2CB2120061332D /* constrictor.usdz */,
				49E72AB12C2CB2100061332D /* giant_frog.usdz */,
				49E72ABC2C2CB2120061332D /* llama.usdz */,
				49E72AAE2C2CB2100061332D /* pelican.usdz */,
				49E72AAA2C2CB20F0061332D /* puma.usdz */,
				49E72AB72C2CB2110061332D /* red_deer.usdz */,
				49E72AAD2C2CB2100061332D /* red_macaw.usdz */,
				49E72ABB2C2CB2120061332D /* red_monkey.usdz */,
				49E72AA72C2CB20F0061332D /* river_wolf.usdz */,
				49E72AB82C2CB2120061332D /* sajino.usdz */,
				49E72AAF2C2CB2100061332D /* vicuna.usdz */,
				49E72ABA2C2CB2120061332D /* white_deer.usdz */,
				49E72AB32C2CB2100061332D /* yellow_monkey.usdz */,
			);
			path = 3DModels;
			sourceTree = "<group>";
		};
		49FBF1CB2BE56785007D05D0 /* Animal */ = {
			isa = PBXGroup;
			children = (
				4996376E2C111FCF004486BB /* ViewModel */,
				499637692C08219C004486BB /* Model */,
				49737BC12C0168F3009D4459 /* Views */,
				49FBF1CC2BE567A1007D05D0 /* Screens */,
			);
			path = Animal;
			sourceTree = "<group>";
		};
		49FBF1CC2BE567A1007D05D0 /* Screens */ = {
			isa = PBXGroup;
			children = (
				49FBF1CD2BE567B3007D05D0 /* AnimalScreen.swift */,
			);
			path = Screens;
			sourceTree = "<group>";
		};
		49FE80CF2BD0C6DC00C23E57 /* Screens */ = {
			isa = PBXGroup;
			children = (
				49FE80D12BD0C97100C23E57 /* MainScreen.swift */,
			);
			path = Screens;
			sourceTree = "<group>";
		};
		49FE80D32BD0CA1000C23E57 /* Domains */ = {
			isa = PBXGroup;
			children = (
				49737BBD2C0158F2009D4459 /* Shared */,
				49DFB74C2BFD9B2700EEA79E /* Authentication */,
				49FBF1CB2BE56785007D05D0 /* Animal */,
				49FE80D62BD0CA6700C23E57 /* UserConfig */,
				49FE80D52BD0CA2F00C23E57 /* FavoriteAnimals */,
				49FE80D42BD0CA2900C23E57 /* Map */,
			);
			path = Domains;
			sourceTree = "<group>";
		};
		49FE80D42BD0CA2900C23E57 /* Map */ = {
			isa = PBXGroup;
			children = (
				49A333B82C8BBB1A007B1F86 /* Utils */,
				499637682C082180004486BB /* ViewModel */,
				49FE80E82BD0DFB500C23E57 /* Models */,
				49FE80D82BD0CA8900C23E57 /* Views */,
				49FE80D72BD0CA7D00C23E57 /* Screens */,
			);
			path = Map;
			sourceTree = "<group>";
		};
		49FE80D52BD0CA2F00C23E57 /* FavoriteAnimals */ = {
			isa = PBXGroup;
			children = (
				499637732C1517AA004486BB /* ViewModel */,
				49FE80DA2BD0CA9900C23E57 /* Screens */,
				49FE80D92BD0CA9400C23E57 /* Views */,
			);
			path = FavoriteAnimals;
			sourceTree = "<group>";
		};
		49FE80D62BD0CA6700C23E57 /* UserConfig */ = {
			isa = PBXGroup;
			children = (
				49C928782C1A8B240046325B /* Model */,
				49C928732C1A8A7E0046325B /* ViewModel */,
				49FE80DC2BD0CAA500C23E57 /* Screens */,
				49FE80DB2BD0CAA000C23E57 /* Views */,
			);
			path = UserConfig;
			sourceTree = "<group>";
		};
		49FE80D72BD0CA7D00C23E57 /* Screens */ = {
			isa = PBXGroup;
			children = (
				49FE80DD2BD0CABC00C23E57 /* MapScreen.swift */,
			);
			path = Screens;
			sourceTree = "<group>";
		};
		49FE80D82BD0CA8900C23E57 /* Views */ = {
			isa = PBXGroup;
			children = (
				49FE80E32BD0CE1900C23E57 /* MapView.swift */,
				49FE80E62BD0D4E400C23E57 /* ToggleMapStyleButton.swift */,
				49FE80EB2BD37F8E00C23E57 /* UbicationDetailsView.swift */,
			);
			path = Views;
			sourceTree = "<group>";
		};
		49FE80D92BD0CA9400C23E57 /* Views */ = {
			isa = PBXGroup;
			children = (
				499637712C1150C9004486BB /* AnimalCard.swift */,
			);
			path = Views;
			sourceTree = "<group>";
		};
		49FE80DA2BD0CA9900C23E57 /* Screens */ = {
			isa = PBXGroup;
			children = (
				49FE80DF2BD0CB1700C23E57 /* FavoriteAnimalsScreen.swift */,
			);
			path = Screens;
			sourceTree = "<group>";
		};
		49FE80DB2BD0CAA000C23E57 /* Views */ = {
			isa = PBXGroup;
			children = (
				49C928742C1A8A9F0046325B /* SeenAnimals.swift */,
				49C9287B2C1A967D0046325B /* UpdateUserForm.swift */,
			);
			path = Views;
			sourceTree = "<group>";
		};
		49FE80DC2BD0CAA500C23E57 /* Screens */ = {
			isa = PBXGroup;
			children = (
				49FE80E12BD0CB3B00C23E57 /* UserConfigScreen.swift */,
			);
			path = Screens;
			sourceTree = "<group>";
		};
		49FE80E82BD0DFB500C23E57 /* Models */ = {
			isa = PBXGroup;
			children = (
				4996376C2C082279004486BB /* Spot.swift */,
			);
			path = Models;
			sourceTree = "<group>";
		};
/* End PBXGroup section */

/* Begin PBXNativeTarget section */
		4928D32A2BCCB9CF005420BF /* natuar */ = {
			isa = PBXNativeTarget;
			buildConfigurationList = 4928D3392BCCB9D0005420BF /* Build configuration list for PBXNativeTarget "natuar" */;
			buildPhases = (
				4928D3272BCCB9CF005420BF /* Sources */,
				4928D3282BCCB9CF005420BF /* Frameworks */,
				4928D3292BCCB9CF005420BF /* Resources */,
			);
			buildRules = (
			);
			dependencies = (
			);
			name = natuar;
			packageProductDependencies = (
				499637792C16370D004486BB /* GoogleSignIn */,
				4996377B2C16370D004486BB /* GoogleSignInSwift */,
			);
			productName = natuar;
			productReference = 4928D32B2BCCB9CF005420BF /* natuar.app */;
			productType = "com.apple.product-type.application";
		};
/* End PBXNativeTarget section */

/* Begin PBXProject section */
		4928D3232BCCB9CF005420BF /* Project object */ = {
			isa = PBXProject;
			attributes = {
				BuildIndependentTargetsInParallel = 1;
				LastSwiftUpdateCheck = 1530;
				LastUpgradeCheck = 1530;
				TargetAttributes = {
					4928D32A2BCCB9CF005420BF = {
						CreatedOnToolsVersion = 15.3;
					};
				};
			};
			buildConfigurationList = 4928D3262BCCB9CF005420BF /* Build configuration list for PBXProject "natuar" */;
			compatibilityVersion = "Xcode 14.0";
			developmentRegion = en;
			hasScannedForEncodings = 0;
			knownRegions = (
				en,
				Base,
			);
			mainGroup = 4928D3222BCCB9CF005420BF;
			packageReferences = (
				499637782C16370D004486BB /* XCRemoteSwiftPackageReference "GoogleSignIn-iOS" */,
			);
			productRefGroup = 4928D32C2BCCB9CF005420BF /* Products */;
			projectDirPath = "";
			projectRoot = "";
			targets = (
				4928D32A2BCCB9CF005420BF /* natuar */,
			);
		};
/* End PBXProject section */

/* Begin PBXResourcesBuildPhase section */
		4928D3292BCCB9CF005420BF /* Resources */ = {
			isa = PBXResourcesBuildPhase;
			buildActionMask = 2147483647;
			files = (
				49E72AD22C2CB2120061332D /* red_monkey.usdz in Resources */,
				49E72ACD2C2CB2120061332D /* charapa_turtle.usdz in Resources */,
				49E72AD92C2CDC170061332D /* coast_fox.usdz in Resources */,
				49E72AC02C2CB2120061332D /* carpenter.usdz in Resources */,
				49E72AD02C2CB2120061332D /* constrictor.usdz in Resources */,
				49E72AC12C2CB2120061332D /* puma.usdz in Resources */,
				49E72AC22C2CB2120061332D /* andean_flamenco.usdz in Resources */,
				49E72AD32C2CB2120061332D /* llama.usdz in Resources */,
				49E72ACA2C2CB2120061332D /* yellow_monkey.usdz in Resources */,
				49E72AC32C2CB2120061332D /* andean_fox.usdz in Resources */,
				49E72ACE2C2CB2120061332D /* red_deer.usdz in Resources */,
				49E72AC62C2CB2120061332D /* vicuna.usdz in Resources */,
				4928D3362BCCB9D0005420BF /* Preview Assets.xcassets in Resources */,
				49E72AC52C2CB2120061332D /* pelican.usdz in Resources */,
				49E72AD52C2CB9530061332D /* jaguar.usdz in Resources */,
				49E72AD12C2CB2120061332D /* white_deer.usdz in Resources */,
				49E72ACF2C2CB2120061332D /* sajino.usdz in Resources */,
				49E72ABE2C2CB2120061332D /* river_wolf.usdz in Resources */,
				49E72AC92C2CB2120061332D /* alpaca.usdz in Resources */,
				49E72ACB2C2CB2120061332D /* black_caiman.usdz in Resources */,
				49E72ACC2C2CB2120061332D /* cascabel.usdz in Resources */,
				49E72AC42C2CB2120061332D /* red_macaw.usdz in Resources */,
				49E72ABF2C2CB2120061332D /* andean_toucan.usdz in Resources */,
				4928D3332BCCB9D0005420BF /* Assets.xcassets in Resources */,
				49E72AD72C2CD6710061332D /* pink_dolphin.usdz in Resources */,
				49E72AC82C2CB2120061332D /* giant_frog.usdz in Resources */,
			);
			runOnlyForDeploymentPostprocessing = 0;
		};
/* End PBXResourcesBuildPhase section */

/* Begin PBXSourcesBuildPhase section */
		4928D3272BCCB9CF005420BF /* Sources */ = {
			isa = PBXSourcesBuildPhase;
			buildActionMask = 2147483647;
			files = (
				499637752C1517D3004486BB /* FavoriteViewModel.swift in Sources */,
				49DFB7562BFD9C7300EEA79E /* MaterialDesignTextField.swift in Sources */,
				49737BC62C016A93009D4459 /* InfoCardView.swift in Sources */,
				49FE80E42BD0CE1900C23E57 /* MapView.swift in Sources */,
				49C9287A2C1A8B2E0046325B /* User.swift in Sources */,
				49C9287C2C1A967D0046325B /* UpdateUserForm.swift in Sources */,
				499637772C163682004486BB /* AppDelegate.swift in Sources */,
				49FE80DE2BD0CABC00C23E57 /* MapScreen.swift in Sources */,
				49A333BA2C8BBB30007B1F86 /* HaversineDistance.swift in Sources */,
				499637652C08033A004486BB /* UserDefaultsManager.swift in Sources */,
				49C8CC102C8FA85D00127EE0 /* RegisterViewModel.swift in Sources */,
				49C8CC122C8FABE700127EE0 /* RegisterScreen.swift in Sources */,
				499637722C1150C9004486BB /* AnimalCard.swift in Sources */,
				4928D3312BCCB9CF005420BF /* ContentView.swift in Sources */,
				49DFB7522BFD9C0800EEA79E /* CirculatButtonWithLogo.swift in Sources */,
				49737BC32C016961009D4459 /* AnimalDetailsView.swift in Sources */,
				49A333B12C867C14007B1F86 /* AnimalsData.swift in Sources */,
				499637702C112060004486BB /* AnimalViewModel.swift in Sources */,
				49C928752C1A8A9F0046325B /* SeenAnimals.swift in Sources */,
				49A333B32C8BAC98007B1F86 /* SpotsData.swift in Sources */,
				49C928772C1A8AC00046325B /* UserViewModel.swift in Sources */,
				49FE80D22BD0C97100C23E57 /* MainScreen.swift in Sources */,
				4996375F2C07F604004486BB /* LoginViewModel.swift in Sources */,
				49DFB7542BFD9C5800EEA79E /* CustomLoginButton.swift in Sources */,
				499637672C082169004486BB /* MapViewModel.swift in Sources */,
				49FE80E02BD0CB1700C23E57 /* FavoriteAnimalsScreen.swift in Sources */,
				499637632C07F97F004486BB /* Constants.swift in Sources */,
				49FE80E22BD0CB3B00C23E57 /* UserConfigScreen.swift in Sources */,
				49FE80EC2BD37F8E00C23E57 /* UbicationDetailsView.swift in Sources */,
				49A333B72C8BAED2007B1F86 /* OfflineUser.swift in Sources */,
				49737BC92C017424009D4459 /* SegmentedPicker.swift in Sources */,
				49D53E992C7D35300093E900 /* ImagePreviewView.swift in Sources */,
				4996376B2C0821A5004486BB /* Animal.swift in Sources */,
				49FE80E72BD0D4E400C23E57 /* ToggleMapStyleButton.swift in Sources */,
				4928D32F2BCCB9CF005420BF /* natuarApp.swift in Sources */,
				49FBF1CE2BE567B3007D05D0 /* AnimalScreen.swift in Sources */,
				4996376D2C082279004486BB /* Spot.swift in Sources */,
				4996375C2C07DF1E004486BB /* LoginScreen.swift in Sources */,
				49737BC02C01590D009D4459 /* BackButton.swift in Sources */,
			);
			runOnlyForDeploymentPostprocessing = 0;
		};
/* End PBXSourcesBuildPhase section */

/* Begin XCBuildConfiguration section */
		4928D3372BCCB9D0005420BF /* Debug */ = {
			isa = XCBuildConfiguration;
			buildSettings = {
				ALWAYS_SEARCH_USER_PATHS = NO;
				ASSETCATALOG_COMPILER_GENERATE_SWIFT_ASSET_SYMBOL_EXTENSIONS = YES;
				CLANG_ANALYZER_NONNULL = YES;
				CLANG_ANALYZER_NUMBER_OBJECT_CONVERSION = YES_AGGRESSIVE;
				CLANG_CXX_LANGUAGE_STANDARD = "gnu++20";
				CLANG_ENABLE_MODULES = YES;
				CLANG_ENABLE_OBJC_ARC = YES;
				CLANG_ENABLE_OBJC_WEAK = YES;
				CLANG_WARN_BLOCK_CAPTURE_AUTORELEASING = YES;
				CLANG_WARN_BOOL_CONVERSION = YES;
				CLANG_WARN_COMMA = YES;
				CLANG_WARN_CONSTANT_CONVERSION = YES;
				CLANG_WARN_DEPRECATED_OBJC_IMPLEMENTATIONS = YES;
				CLANG_WARN_DIRECT_OBJC_ISA_USAGE = YES_ERROR;
				CLANG_WARN_DOCUMENTATION_COMMENTS = YES;
				CLANG_WARN_EMPTY_BODY = YES;
				CLANG_WARN_ENUM_CONVERSION = YES;
				CLANG_WARN_INFINITE_RECURSION = YES;
				CLANG_WARN_INT_CONVERSION = YES;
				CLANG_WARN_NON_LITERAL_NULL_CONVERSION = YES;
				CLANG_WARN_OBJC_IMPLICIT_RETAIN_SELF = YES;
				CLANG_WARN_OBJC_LITERAL_CONVERSION = YES;
				CLANG_WARN_OBJC_ROOT_CLASS = YES_ERROR;
				CLANG_WARN_QUOTED_INCLUDE_IN_FRAMEWORK_HEADER = YES;
				CLANG_WARN_RANGE_LOOP_ANALYSIS = YES;
				CLANG_WARN_STRICT_PROTOTYPES = YES;
				CLANG_WARN_SUSPICIOUS_MOVE = YES;
				CLANG_WARN_UNGUARDED_AVAILABILITY = YES_AGGRESSIVE;
				CLANG_WARN_UNREACHABLE_CODE = YES;
				CLANG_WARN__DUPLICATE_METHOD_MATCH = YES;
				COPY_PHASE_STRIP = NO;
				DEBUG_INFORMATION_FORMAT = dwarf;
				ENABLE_STRICT_OBJC_MSGSEND = YES;
				ENABLE_TESTABILITY = YES;
				ENABLE_USER_SCRIPT_SANDBOXING = YES;
				GCC_C_LANGUAGE_STANDARD = gnu17;
				GCC_DYNAMIC_NO_PIC = NO;
				GCC_NO_COMMON_BLOCKS = YES;
				GCC_OPTIMIZATION_LEVEL = 0;
				GCC_PREPROCESSOR_DEFINITIONS = (
					"DEBUG=1",
					"$(inherited)",
				);
				GCC_WARN_64_TO_32_BIT_CONVERSION = YES;
				GCC_WARN_ABOUT_RETURN_TYPE = YES_ERROR;
				GCC_WARN_UNDECLARED_SELECTOR = YES;
				GCC_WARN_UNINITIALIZED_AUTOS = YES_AGGRESSIVE;
				GCC_WARN_UNUSED_FUNCTION = YES;
				GCC_WARN_UNUSED_VARIABLE = YES;
				IPHONEOS_DEPLOYMENT_TARGET = 17.4;
				LOCALIZATION_PREFERS_STRING_CATALOGS = YES;
				MTL_ENABLE_DEBUG_INFO = INCLUDE_SOURCE;
				MTL_FAST_MATH = YES;
				ONLY_ACTIVE_ARCH = YES;
				SDKROOT = iphoneos;
				SWIFT_ACTIVE_COMPILATION_CONDITIONS = "DEBUG $(inherited)";
				SWIFT_OPTIMIZATION_LEVEL = "-Onone";
			};
			name = Debug;
		};
		4928D3382BCCB9D0005420BF /* Release */ = {
			isa = XCBuildConfiguration;
			buildSettings = {
				ALWAYS_SEARCH_USER_PATHS = NO;
				ASSETCATALOG_COMPILER_GENERATE_SWIFT_ASSET_SYMBOL_EXTENSIONS = YES;
				CLANG_ANALYZER_NONNULL = YES;
				CLANG_ANALYZER_NUMBER_OBJECT_CONVERSION = YES_AGGRESSIVE;
				CLANG_CXX_LANGUAGE_STANDARD = "gnu++20";
				CLANG_ENABLE_MODULES = YES;
				CLANG_ENABLE_OBJC_ARC = YES;
				CLANG_ENABLE_OBJC_WEAK = YES;
				CLANG_WARN_BLOCK_CAPTURE_AUTORELEASING = YES;
				CLANG_WARN_BOOL_CONVERSION = YES;
				CLANG_WARN_COMMA = YES;
				CLANG_WARN_CONSTANT_CONVERSION = YES;
				CLANG_WARN_DEPRECATED_OBJC_IMPLEMENTATIONS = YES;
				CLANG_WARN_DIRECT_OBJC_ISA_USAGE = YES_ERROR;
				CLANG_WARN_DOCUMENTATION_COMMENTS = YES;
				CLANG_WARN_EMPTY_BODY = YES;
				CLANG_WARN_ENUM_CONVERSION = YES;
				CLANG_WARN_INFINITE_RECURSION = YES;
				CLANG_WARN_INT_CONVERSION = YES;
				CLANG_WARN_NON_LITERAL_NULL_CONVERSION = YES;
				CLANG_WARN_OBJC_IMPLICIT_RETAIN_SELF = YES;
				CLANG_WARN_OBJC_LITERAL_CONVERSION = YES;
				CLANG_WARN_OBJC_ROOT_CLASS = YES_ERROR;
				CLANG_WARN_QUOTED_INCLUDE_IN_FRAMEWORK_HEADER = YES;
				CLANG_WARN_RANGE_LOOP_ANALYSIS = YES;
				CLANG_WARN_STRICT_PROTOTYPES = YES;
				CLANG_WARN_SUSPICIOUS_MOVE = YES;
				CLANG_WARN_UNGUARDED_AVAILABILITY = YES_AGGRESSIVE;
				CLANG_WARN_UNREACHABLE_CODE = YES;
				CLANG_WARN__DUPLICATE_METHOD_MATCH = YES;
				COPY_PHASE_STRIP = NO;
				DEBUG_INFORMATION_FORMAT = "dwarf-with-dsym";
				ENABLE_NS_ASSERTIONS = NO;
				ENABLE_STRICT_OBJC_MSGSEND = YES;
				ENABLE_USER_SCRIPT_SANDBOXING = YES;
				GCC_C_LANGUAGE_STANDARD = gnu17;
				GCC_NO_COMMON_BLOCKS = YES;
				GCC_WARN_64_TO_32_BIT_CONVERSION = YES;
				GCC_WARN_ABOUT_RETURN_TYPE = YES_ERROR;
				GCC_WARN_UNDECLARED_SELECTOR = YES;
				GCC_WARN_UNINITIALIZED_AUTOS = YES_AGGRESSIVE;
				GCC_WARN_UNUSED_FUNCTION = YES;
				GCC_WARN_UNUSED_VARIABLE = YES;
				IPHONEOS_DEPLOYMENT_TARGET = 17.4;
				LOCALIZATION_PREFERS_STRING_CATALOGS = YES;
				MTL_ENABLE_DEBUG_INFO = NO;
				MTL_FAST_MATH = YES;
				SDKROOT = iphoneos;
				SWIFT_COMPILATION_MODE = wholemodule;
				VALIDATE_PRODUCT = YES;
			};
			name = Release;
		};
		4928D33A2BCCB9D0005420BF /* Debug */ = {
			isa = XCBuildConfiguration;
			buildSettings = {
				ASSETCATALOG_COMPILER_APPICON_NAME = AppIcon;
				ASSETCATALOG_COMPILER_GLOBAL_ACCENT_COLOR_NAME = AccentColor;
				CODE_SIGN_STYLE = Automatic;
				CURRENT_PROJECT_VERSION = 1;
				DEVELOPMENT_ASSET_PATHS = "\"natuar/Preview Content\"";
				DEVELOPMENT_TEAM = C77BXF2QSN;
				ENABLE_PREVIEWS = YES;
				GENERATE_INFOPLIST_FILE = YES;
				INFOPLIST_FILE = natuar/Info.plist;
				INFOPLIST_KEY_NSCameraUsageDescription = "Se necesita acceso a la cámara para usarla en la realidad aumentada";
				INFOPLIST_KEY_NSLocationWhenInUseUsageDescription = "Tu localización se usará para mostrarte animales cercanos";
				INFOPLIST_KEY_NSPhotoLibraryUsageDescription = "Permiso requerido para guardar las fotografías de Realidad Aumentada";
				INFOPLIST_KEY_UIApplicationSceneManifest_Generation = YES;
				INFOPLIST_KEY_UIApplicationSupportsIndirectInputEvents = YES;
				INFOPLIST_KEY_UILaunchScreen_Generation = YES;
				INFOPLIST_KEY_UISupportedInterfaceOrientations_iPad = "UIInterfaceOrientationPortrait UIInterfaceOrientationPortraitUpsideDown UIInterfaceOrientationLandscapeLeft UIInterfaceOrientationLandscapeRight";
				INFOPLIST_KEY_UISupportedInterfaceOrientations_iPhone = "UIInterfaceOrientationPortrait UIInterfaceOrientationLandscapeLeft UIInterfaceOrientationLandscapeRight";
				IPHONEOS_DEPLOYMENT_TARGET = 17.0;
				LD_RUNPATH_SEARCH_PATHS = (
					"$(inherited)",
					"@executable_path/Frameworks",
				);
				MARKETING_VERSION = 1.0;
				PRODUCT_BUNDLE_IDENTIFIER = natuartp.natuar;
				PRODUCT_NAME = "$(TARGET_NAME)";
				SWIFT_EMIT_LOC_STRINGS = YES;
				SWIFT_VERSION = 5.0;
				TARGETED_DEVICE_FAMILY = "1,2";
			};
			name = Debug;
		};
		4928D33B2BCCB9D0005420BF /* Release */ = {
			isa = XCBuildConfiguration;
			buildSettings = {
				ASSETCATALOG_COMPILER_APPICON_NAME = AppIcon;
				ASSETCATALOG_COMPILER_GLOBAL_ACCENT_COLOR_NAME = AccentColor;
				CODE_SIGN_STYLE = Automatic;
				CURRENT_PROJECT_VERSION = 1;
				DEVELOPMENT_ASSET_PATHS = "\"natuar/Preview Content\"";
				DEVELOPMENT_TEAM = C77BXF2QSN;
				ENABLE_PREVIEWS = YES;
				GENERATE_INFOPLIST_FILE = YES;
				INFOPLIST_FILE = natuar/Info.plist;
				INFOPLIST_KEY_NSCameraUsageDescription = "Se necesita acceso a la cámara para usarla en la realidad aumentada";
				INFOPLIST_KEY_NSLocationWhenInUseUsageDescription = "Tu localización se usará para mostrarte animales cercanos";
				INFOPLIST_KEY_NSPhotoLibraryUsageDescription = "Permiso requerido para guardar las fotografías de Realidad Aumentada";
				INFOPLIST_KEY_UIApplicationSceneManifest_Generation = YES;
				INFOPLIST_KEY_UIApplicationSupportsIndirectInputEvents = YES;
				INFOPLIST_KEY_UILaunchScreen_Generation = YES;
				INFOPLIST_KEY_UISupportedInterfaceOrientations_iPad = "UIInterfaceOrientationPortrait UIInterfaceOrientationPortraitUpsideDown UIInterfaceOrientationLandscapeLeft UIInterfaceOrientationLandscapeRight";
				INFOPLIST_KEY_UISupportedInterfaceOrientations_iPhone = "UIInterfaceOrientationPortrait UIInterfaceOrientationLandscapeLeft UIInterfaceOrientationLandscapeRight";
				IPHONEOS_DEPLOYMENT_TARGET = 17.0;
				LD_RUNPATH_SEARCH_PATHS = (
					"$(inherited)",
					"@executable_path/Frameworks",
				);
				MARKETING_VERSION = 1.0;
				PRODUCT_BUNDLE_IDENTIFIER = natuartp.natuar;
				PRODUCT_NAME = "$(TARGET_NAME)";
				SWIFT_EMIT_LOC_STRINGS = YES;
				SWIFT_VERSION = 5.0;
				TARGETED_DEVICE_FAMILY = "1,2";
			};
			name = Release;
		};
/* End XCBuildConfiguration section */

/* Begin XCConfigurationList section */
		4928D3262BCCB9CF005420BF /* Build configuration list for PBXProject "natuar" */ = {
			isa = XCConfigurationList;
			buildConfigurations = (
				4928D3372BCCB9D0005420BF /* Debug */,
				4928D3382BCCB9D0005420BF /* Release */,
			);
			defaultConfigurationIsVisible = 0;
			defaultConfigurationName = Release;
		};
		4928D3392BCCB9D0005420BF /* Build configuration list for PBXNativeTarget "natuar" */ = {
			isa = XCConfigurationList;
			buildConfigurations = (
				4928D33A2BCCB9D0005420BF /* Debug */,
				4928D33B2BCCB9D0005420BF /* Release */,
			);
			defaultConfigurationIsVisible = 0;
			defaultConfigurationName = Release;
		};
/* End XCConfigurationList section */

/* Begin XCRemoteSwiftPackageReference section */
		499637782C16370D004486BB /* XCRemoteSwiftPackageReference "GoogleSignIn-iOS" */ = {
			isa = XCRemoteSwiftPackageReference;
			repositoryURL = "https://github.com/google/GoogleSignIn-iOS";
			requirement = {
				kind = upToNextMajorVersion;
				minimumVersion = 7.1.0;
			};
		};
/* End XCRemoteSwiftPackageReference section */

/* Begin XCSwiftPackageProductDependency section */
		499637792C16370D004486BB /* GoogleSignIn */ = {
			isa = XCSwiftPackageProductDependency;
			package = 499637782C16370D004486BB /* XCRemoteSwiftPackageReference "GoogleSignIn-iOS" */;
			productName = GoogleSignIn;
		};
		4996377B2C16370D004486BB /* GoogleSignInSwift */ = {
			isa = XCSwiftPackageProductDependency;
			package = 499637782C16370D004486BB /* XCRemoteSwiftPackageReference "GoogleSignIn-iOS" */;
			productName = GoogleSignInSwift;
		};
/* End XCSwiftPackageProductDependency section */
	};
	rootObject = 4928D3232BCCB9CF005420BF /* Project object */;
}
